
Microsoft Visual Studio Solution File, Format Version 12.00
# Visual Studio 2012
Project("{FAE04EC0-301F-11D3-BF4B-00C04F79EFBC}") = "MupApps.MvvmCross.Plugins.ControlsNavigation", "MupApps.MvvmCross.Plugins.ControlsNavigation\MupApps.MvvmCross.Plugins.ControlsNavigation.csproj", "{8EC1274E-99E6-4175-A113-8083CE23391C}"
EndProject
Project("{2150E333-8FDC-42A3-9474-1A3956D46DE8}") = "Sample", "Sample", "{3FD8FC85-CB0B-471B-B065-F86E59B823BD}"
EndProject
Project("{FAE04EC0-301F-11D3-BF4B-00C04F79EFBC}") = "MupApps.ControlsNavigation.Sample.Core", "Sample\MupApps.ControlsNavigation.Sample.Core\MupApps.ControlsNavigation.Sample.Core.csproj", "{10BEFBF2-47E2-4545-B63F-83B88B6A00BE}"
EndProject
Project("{FAE04EC0-301F-11D3-BF4B-00C04F79EFBC}") = "MupApps.ControlsNavigation.Sample.WindowsPhone", "Sample\MupApps.ControlsNavigation.Sample.WindowsPhone\MupApps.ControlsNavigation.Sample.WindowsPhone.csproj", "{C806213B-1527-4457-8995-E093B29C2A88}"
EndProject
Project("{FAE04EC0-301F-11D3-BF4B-00C04F79EFBC}") = "MupApps.ControlsNavigation.Sample.WindowsStore", "Sample\MupApps.ControlsNavigation.Sample.WindowsStore\MupApps.ControlsNavigation.Sample.WindowsStore.csproj", "{EEEC28F2-EC75-4134-9215-FF064C1E964A}"
EndProject
Project("{FAE04EC0-301F-11D3-BF4B-00C04F79EFBC}") = "MupApps.ControlsNavigation.Sample.Droid", "Sample\MupApps.ControlsNavigation.Sample.Droid\MupApps.ControlsNavigation.Sample.Droid.csproj", "{E05EB945-06ED-4EFD-815D-778CC2BC8B80}"
EndProject
Project("{FAE04EC0-301F-11D3-BF4B-00C04F79EFBC}") = "MupApps.ControlsNavigation.Sample.DroidTablet", "Sample\MupApps.ControlsNavigation.Sample.DroidTablet\MupApps.ControlsNavigation.Sample.DroidTablet.csproj", "{A17C1016-CE1B-4387-B5A6-E70D54E7A1B8}"
EndProject
Project("{FAE04EC0-301F-11D3-BF4B-00C04F79EFBC}") = "MupApps.ControlsNavigation.Sample.IPhone", "Sample\MupApps.ControlsNavigation.Sample.IPhone\MupApps.ControlsNavigation.Sample.IPhone.csproj", "{DD995A4A-1310-4090-BE99-5C0EE9983212}"
EndProject
Project("{FAE04EC0-301F-11D3-BF4B-00C04F79EFBC}") = "MupApps.ControlsNavigation.Sample.IPad", "Sample\MupApps.ControlsNavigation.Sample.IPad\MupApps.ControlsNavigation.Sample.IPad.csproj", "{BCA1DB72-3227-43B4-A7B7-F511896B8C38}"
EndProject
Project("{FAE04EC0-301F-11D3-BF4B-00C04F79EFBC}") = "MupApps.ControlsNavigation.Sample.Wpf", "Sample\MupApps.ControlsNavigation.Sample.Wpf\MupApps.ControlsNavigation.Sample.Wpf.csproj", "{FB96D95E-5770-435F-82C8-514DE4C5FE3C}"
EndProject
Project("{FAE04EC0-301F-11D3-BF4B-00C04F79EFBC}") = "MupApps.MvvmCross.Plugins.ControlsNavigation.WindowsStore", "MupApps.MvvmCross.Plugins.ControlsNavigation.WindowsStore\MupApps.MvvmCross.Plugins.ControlsNavigation.WindowsStore.csproj", "{9F99CA40-183C-42A9-B8CA-1D12420AA4B3}"
EndProject
Project("{2150E333-8FDC-42A3-9474-1A3956D46DE8}") = "Readme", "Readme", "{D1EF869D-8526-48C0-B54E-9173D32032F5}"
	ProjectSection(SolutionItems) = preProject
		..\LICENSE = ..\LICENSE
		..\README.md = ..\README.md
	EndProjectSection
EndProject
Project("{2150E333-8FDC-42A3-9474-1A3956D46DE8}") = ".nuget", ".nuget", "{92FD7127-CAB2-40B1-83BF-48E1EFAA4CAE}"
	ProjectSection(SolutionItems) = preProject
		.nuget\NuGet.Config = .nuget\NuGet.Config
		.nuget\NuGet.exe = .nuget\NuGet.exe
		.nuget\NuGet.targets = .nuget\NuGet.targets
	EndProjectSection
EndProject
Project("{FAE04EC0-301F-11D3-BF4B-00C04F79EFBC}") = "MupApps.MvvmCross.Plugins.ControlsNavigation.Droid", "MupApps.MvvmCross.Plugins.ControlsNavigation.Droid\MupApps.MvvmCross.Plugins.ControlsNavigation.Droid.csproj", "{4ABEBE4F-FA21-4A4F-BF41-CDE1DE342A7B}"
EndProject
Project("{FAE04EC0-301F-11D3-BF4B-00C04F79EFBC}") = "MupApps.MvvmCross.Plugins.ControlsNavigation.Touch", "MupApps.MvvmCross.Plugins.ControlsNavigation.Touch\MupApps.MvvmCross.Plugins.ControlsNavigation.Touch.csproj", "{267FE534-2D9A-4ABA-8A69-BD25BF629145}"
EndProject
Project("{FAE04EC0-301F-11D3-BF4B-00C04F79EFBC}") = "MupApps.MvvmCross.Plugins.ControlsNavigation.Wpf", "MupApps.MvvmCross.Plugins.ControlsNavigation.Wpf\MupApps.MvvmCross.Plugins.ControlsNavigation.Wpf.csproj", "{C4480A20-C692-4078-A55F-036B3F283504}"
EndProject
Project("{FAE04EC0-301F-11D3-BF4B-00C04F79EFBC}") = "MupApps.MvvmCross.Plugins.ControlsNavigation.WindowsPhone", "MupApps.MvvmCross.Plugins.ControlsNavigation.WindowsPhone\MupApps.MvvmCross.Plugins.ControlsNavigation.WindowsPhone.csproj", "{ADEE8855-21D1-46F8-8DCC-61EA57303082}"
EndProject
Global
	GlobalSection(SolutionConfigurationPlatforms) = preSolution
		Ad-Hoc|Any CPU = Ad-Hoc|Any CPU
		Ad-Hoc|ARM = Ad-Hoc|ARM
		Ad-Hoc|iPhone = Ad-Hoc|iPhone
		Ad-Hoc|iPhoneSimulator = Ad-Hoc|iPhoneSimulator
		Ad-Hoc|Mixed Platforms = Ad-Hoc|Mixed Platforms
		Ad-Hoc|x64 = Ad-Hoc|x64
		Ad-Hoc|x86 = Ad-Hoc|x86
		AppStore|Any CPU = AppStore|Any CPU
		AppStore|ARM = AppStore|ARM
		AppStore|iPhone = AppStore|iPhone
		AppStore|iPhoneSimulator = AppStore|iPhoneSimulator
		AppStore|Mixed Platforms = AppStore|Mixed Platforms
		AppStore|x64 = AppStore|x64
		AppStore|x86 = AppStore|x86
		Debug|Any CPU = Debug|Any CPU
		Debug|ARM = Debug|ARM
		Debug|iPhone = Debug|iPhone
		Debug|iPhoneSimulator = Debug|iPhoneSimulator
		Debug|Mixed Platforms = Debug|Mixed Platforms
		Debug|x64 = Debug|x64
		Debug|x86 = Debug|x86
		Release|Any CPU = Release|Any CPU
		Release|ARM = Release|ARM
		Release|iPhone = Release|iPhone
		Release|iPhoneSimulator = Release|iPhoneSimulator
		Release|Mixed Platforms = Release|Mixed Platforms
		Release|x64 = Release|x64
		Release|x86 = Release|x86
	EndGlobalSection
	GlobalSection(ProjectConfigurationPlatforms) = postSolution
		{8EC1274E-99E6-4175-A113-8083CE23391C}.Ad-Hoc|Any CPU.ActiveCfg = Release|Any CPU
		{8EC1274E-99E6-4175-A113-8083CE23391C}.Ad-Hoc|ARM.ActiveCfg = Release|Any CPU
		{8EC1274E-99E6-4175-A113-8083CE23391C}.Ad-Hoc|iPhone.ActiveCfg = Debug|Any CPU
		{8EC1274E-99E6-4175-A113-8083CE23391C}.Ad-Hoc|iPhone.Build.0 = Debug|Any CPU
		{8EC1274E-99E6-4175-A113-8083CE23391C}.Ad-Hoc|iPhoneSimulator.ActiveCfg = Release|Any CPU
		{8EC1274E-99E6-4175-A113-8083CE23391C}.Ad-Hoc|Mixed Platforms.ActiveCfg = Release|Any CPU
		{8EC1274E-99E6-4175-A113-8083CE23391C}.Ad-Hoc|Mixed Platforms.Build.0 = Release|Any CPU
		{8EC1274E-99E6-4175-A113-8083CE23391C}.Ad-Hoc|x64.ActiveCfg = Release|Any CPU
		{8EC1274E-99E6-4175-A113-8083CE23391C}.Ad-Hoc|x86.ActiveCfg = Release|Any CPU
		{8EC1274E-99E6-4175-A113-8083CE23391C}.AppStore|Any CPU.ActiveCfg = Release|Any CPU
		{8EC1274E-99E6-4175-A113-8083CE23391C}.AppStore|ARM.ActiveCfg = Release|Any CPU
		{8EC1274E-99E6-4175-A113-8083CE23391C}.AppStore|iPhone.ActiveCfg = Debug|Any CPU
		{8EC1274E-99E6-4175-A113-8083CE23391C}.AppStore|iPhone.Build.0 = Debug|Any CPU
		{8EC1274E-99E6-4175-A113-8083CE23391C}.AppStore|iPhoneSimulator.ActiveCfg = Release|Any CPU
		{8EC1274E-99E6-4175-A113-8083CE23391C}.AppStore|Mixed Platforms.ActiveCfg = Release|Any CPU
		{8EC1274E-99E6-4175-A113-8083CE23391C}.AppStore|Mixed Platforms.Build.0 = Release|Any CPU
		{8EC1274E-99E6-4175-A113-8083CE23391C}.AppStore|x64.ActiveCfg = Release|Any CPU
		{8EC1274E-99E6-4175-A113-8083CE23391C}.AppStore|x86.ActiveCfg = Release|Any CPU
		{8EC1274E-99E6-4175-A113-8083CE23391C}.Debug|Any CPU.ActiveCfg = Debug|Any CPU
		{8EC1274E-99E6-4175-A113-8083CE23391C}.Debug|Any CPU.Build.0 = Debug|Any CPU
		{8EC1274E-99E6-4175-A113-8083CE23391C}.Debug|ARM.ActiveCfg = Debug|Any CPU
		{8EC1274E-99E6-4175-A113-8083CE23391C}.Debug|ARM.Build.0 = Debug|Any CPU
		{8EC1274E-99E6-4175-A113-8083CE23391C}.Debug|iPhone.ActiveCfg = Debug|Any CPU
		{8EC1274E-99E6-4175-A113-8083CE23391C}.Debug|iPhone.Build.0 = Debug|Any CPU
		{8EC1274E-99E6-4175-A113-8083CE23391C}.Debug|iPhoneSimulator.ActiveCfg = Debug|Any CPU
		{8EC1274E-99E6-4175-A113-8083CE23391C}.Debug|iPhoneSimulator.Build.0 = Debug|Any CPU
		{8EC1274E-99E6-4175-A113-8083CE23391C}.Debug|Mixed Platforms.ActiveCfg = Debug|Any CPU
		{8EC1274E-99E6-4175-A113-8083CE23391C}.Debug|Mixed Platforms.Build.0 = Debug|Any CPU
		{8EC1274E-99E6-4175-A113-8083CE23391C}.Debug|x64.ActiveCfg = Debug|Any CPU
		{8EC1274E-99E6-4175-A113-8083CE23391C}.Debug|x64.Build.0 = Debug|Any CPU
		{8EC1274E-99E6-4175-A113-8083CE23391C}.Debug|x86.ActiveCfg = Debug|Any CPU
		{8EC1274E-99E6-4175-A113-8083CE23391C}.Debug|x86.Build.0 = Debug|Any CPU
		{8EC1274E-99E6-4175-A113-8083CE23391C}.Release|Any CPU.ActiveCfg = Release|Any CPU
		{8EC1274E-99E6-4175-A113-8083CE23391C}.Release|Any CPU.Build.0 = Release|Any CPU
		{8EC1274E-99E6-4175-A113-8083CE23391C}.Release|ARM.ActiveCfg = Release|Any CPU
		{8EC1274E-99E6-4175-A113-8083CE23391C}.Release|ARM.Build.0 = Release|Any CPU
		{8EC1274E-99E6-4175-A113-8083CE23391C}.Release|iPhone.ActiveCfg = Release|Any CPU
		{8EC1274E-99E6-4175-A113-8083CE23391C}.Release|iPhone.Build.0 = Release|Any CPU
		{8EC1274E-99E6-4175-A113-8083CE23391C}.Release|iPhoneSimulator.ActiveCfg = Release|Any CPU
		{8EC1274E-99E6-4175-A113-8083CE23391C}.Release|iPhoneSimulator.Build.0 = Release|Any CPU
		{8EC1274E-99E6-4175-A113-8083CE23391C}.Release|Mixed Platforms.ActiveCfg = Release|Any CPU
		{8EC1274E-99E6-4175-A113-8083CE23391C}.Release|Mixed Platforms.Build.0 = Release|Any CPU
		{8EC1274E-99E6-4175-A113-8083CE23391C}.Release|x64.ActiveCfg = Release|Any CPU
		{8EC1274E-99E6-4175-A113-8083CE23391C}.Release|x64.Build.0 = Release|Any CPU
		{8EC1274E-99E6-4175-A113-8083CE23391C}.Release|x86.ActiveCfg = Release|Any CPU
		{8EC1274E-99E6-4175-A113-8083CE23391C}.Release|x86.Build.0 = Release|Any CPU
		{10BEFBF2-47E2-4545-B63F-83B88B6A00BE}.Ad-Hoc|Any CPU.ActiveCfg = Release|Any CPU
		{10BEFBF2-47E2-4545-B63F-83B88B6A00BE}.Ad-Hoc|ARM.ActiveCfg = Release|Any CPU
		{10BEFBF2-47E2-4545-B63F-83B88B6A00BE}.Ad-Hoc|iPhone.ActiveCfg = Debug|Any CPU
		{10BEFBF2-47E2-4545-B63F-83B88B6A00BE}.Ad-Hoc|iPhone.Build.0 = Debug|Any CPU
		{10BEFBF2-47E2-4545-B63F-83B88B6A00BE}.Ad-Hoc|iPhoneSimulator.ActiveCfg = Release|Any CPU
		{10BEFBF2-47E2-4545-B63F-83B88B6A00BE}.Ad-Hoc|Mixed Platforms.ActiveCfg = Release|Any CPU
		{10BEFBF2-47E2-4545-B63F-83B88B6A00BE}.Ad-Hoc|Mixed Platforms.Build.0 = Release|Any CPU
		{10BEFBF2-47E2-4545-B63F-83B88B6A00BE}.Ad-Hoc|x64.ActiveCfg = Release|Any CPU
		{10BEFBF2-47E2-4545-B63F-83B88B6A00BE}.Ad-Hoc|x86.ActiveCfg = Release|Any CPU
		{10BEFBF2-47E2-4545-B63F-83B88B6A00BE}.AppStore|Any CPU.ActiveCfg = Release|Any CPU
		{10BEFBF2-47E2-4545-B63F-83B88B6A00BE}.AppStore|ARM.ActiveCfg = Release|Any CPU
		{10BEFBF2-47E2-4545-B63F-83B88B6A00BE}.AppStore|iPhone.ActiveCfg = Debug|Any CPU
		{10BEFBF2-47E2-4545-B63F-83B88B6A00BE}.AppStore|iPhone.Build.0 = Debug|Any CPU
		{10BEFBF2-47E2-4545-B63F-83B88B6A00BE}.AppStore|iPhoneSimulator.ActiveCfg = Release|Any CPU
		{10BEFBF2-47E2-4545-B63F-83B88B6A00BE}.AppStore|Mixed Platforms.ActiveCfg = Release|Any CPU
		{10BEFBF2-47E2-4545-B63F-83B88B6A00BE}.AppStore|Mixed Platforms.Build.0 = Release|Any CPU
		{10BEFBF2-47E2-4545-B63F-83B88B6A00BE}.AppStore|x64.ActiveCfg = Release|Any CPU
		{10BEFBF2-47E2-4545-B63F-83B88B6A00BE}.AppStore|x86.ActiveCfg = Release|Any CPU
		{10BEFBF2-47E2-4545-B63F-83B88B6A00BE}.Debug|Any CPU.ActiveCfg = Debug|Any CPU
		{10BEFBF2-47E2-4545-B63F-83B88B6A00BE}.Debug|Any CPU.Build.0 = Debug|Any CPU
		{10BEFBF2-47E2-4545-B63F-83B88B6A00BE}.Debug|ARM.ActiveCfg = Debug|Any CPU
		{10BEFBF2-47E2-4545-B63F-83B88B6A00BE}.Debug|iPhone.ActiveCfg = Debug|Any CPU
		{10BEFBF2-47E2-4545-B63F-83B88B6A00BE}.Debug|iPhone.Build.0 = Debug|Any CPU
		{10BEFBF2-47E2-4545-B63F-83B88B6A00BE}.Debug|iPhoneSimulator.ActiveCfg = Debug|Any CPU
		{10BEFBF2-47E2-4545-B63F-83B88B6A00BE}.Debug|iPhoneSimulator.Build.0 = Debug|Any CPU
		{10BEFBF2-47E2-4545-B63F-83B88B6A00BE}.Debug|Mixed Platforms.ActiveCfg = Debug|Any CPU
		{10BEFBF2-47E2-4545-B63F-83B88B6A00BE}.Debug|Mixed Platforms.Build.0 = Debug|Any CPU
		{10BEFBF2-47E2-4545-B63F-83B88B6A00BE}.Debug|x64.ActiveCfg = Debug|Any CPU
		{10BEFBF2-47E2-4545-B63F-83B88B6A00BE}.Debug|x86.ActiveCfg = Debug|Any CPU
		{10BEFBF2-47E2-4545-B63F-83B88B6A00BE}.Release|Any CPU.ActiveCfg = Release|Any CPU
		{10BEFBF2-47E2-4545-B63F-83B88B6A00BE}.Release|Any CPU.Build.0 = Release|Any CPU
		{10BEFBF2-47E2-4545-B63F-83B88B6A00BE}.Release|ARM.ActiveCfg = Release|Any CPU
		{10BEFBF2-47E2-4545-B63F-83B88B6A00BE}.Release|iPhone.ActiveCfg = Release|Any CPU
		{10BEFBF2-47E2-4545-B63F-83B88B6A00BE}.Release|iPhone.Build.0 = Release|Any CPU
		{10BEFBF2-47E2-4545-B63F-83B88B6A00BE}.Release|iPhoneSimulator.ActiveCfg = Release|Any CPU
		{10BEFBF2-47E2-4545-B63F-83B88B6A00BE}.Release|iPhoneSimulator.Build.0 = Release|Any CPU
		{10BEFBF2-47E2-4545-B63F-83B88B6A00BE}.Release|Mixed Platforms.ActiveCfg = Release|Any CPU
		{10BEFBF2-47E2-4545-B63F-83B88B6A00BE}.Release|Mixed Platforms.Build.0 = Release|Any CPU
		{10BEFBF2-47E2-4545-B63F-83B88B6A00BE}.Release|x64.ActiveCfg = Release|Any CPU
		{10BEFBF2-47E2-4545-B63F-83B88B6A00BE}.Release|x86.ActiveCfg = Release|Any CPU
		{C806213B-1527-4457-8995-E093B29C2A88}.Ad-Hoc|Any CPU.ActiveCfg = Release|Any CPU
		{C806213B-1527-4457-8995-E093B29C2A88}.Ad-Hoc|ARM.ActiveCfg = Release|ARM
		{C806213B-1527-4457-8995-E093B29C2A88}.Ad-Hoc|iPhone.ActiveCfg = Release|Any CPU
		{C806213B-1527-4457-8995-E093B29C2A88}.Ad-Hoc|iPhoneSimulator.ActiveCfg = Release|Any CPU
		{C806213B-1527-4457-8995-E093B29C2A88}.Ad-Hoc|Mixed Platforms.ActiveCfg = Release|x86
		{C806213B-1527-4457-8995-E093B29C2A88}.Ad-Hoc|Mixed Platforms.Build.0 = Release|x86
		{C806213B-1527-4457-8995-E093B29C2A88}.Ad-Hoc|Mixed Platforms.Deploy.0 = Release|x86
		{C806213B-1527-4457-8995-E093B29C2A88}.Ad-Hoc|x64.ActiveCfg = Release|Any CPU
		{C806213B-1527-4457-8995-E093B29C2A88}.Ad-Hoc|x86.ActiveCfg = Release|x86
		{C806213B-1527-4457-8995-E093B29C2A88}.AppStore|Any CPU.ActiveCfg = Release|Any CPU
		{C806213B-1527-4457-8995-E093B29C2A88}.AppStore|ARM.ActiveCfg = Release|ARM
		{C806213B-1527-4457-8995-E093B29C2A88}.AppStore|iPhone.ActiveCfg = Release|Any CPU
		{C806213B-1527-4457-8995-E093B29C2A88}.AppStore|iPhoneSimulator.ActiveCfg = Release|Any CPU
		{C806213B-1527-4457-8995-E093B29C2A88}.AppStore|Mixed Platforms.ActiveCfg = Release|x86
		{C806213B-1527-4457-8995-E093B29C2A88}.AppStore|Mixed Platforms.Build.0 = Release|x86
		{C806213B-1527-4457-8995-E093B29C2A88}.AppStore|Mixed Platforms.Deploy.0 = Release|x86
		{C806213B-1527-4457-8995-E093B29C2A88}.AppStore|x64.ActiveCfg = Release|Any CPU
		{C806213B-1527-4457-8995-E093B29C2A88}.AppStore|x86.ActiveCfg = Release|x86
		{C806213B-1527-4457-8995-E093B29C2A88}.Debug|Any CPU.ActiveCfg = Debug|Any CPU
		{C806213B-1527-4457-8995-E093B29C2A88}.Debug|Any CPU.Build.0 = Debug|Any CPU
		{C806213B-1527-4457-8995-E093B29C2A88}.Debug|Any CPU.Deploy.0 = Debug|Any CPU
		{C806213B-1527-4457-8995-E093B29C2A88}.Debug|ARM.ActiveCfg = Debug|ARM
		{C806213B-1527-4457-8995-E093B29C2A88}.Debug|ARM.Build.0 = Debug|ARM
		{C806213B-1527-4457-8995-E093B29C2A88}.Debug|ARM.Deploy.0 = Debug|ARM
		{C806213B-1527-4457-8995-E093B29C2A88}.Debug|iPhone.ActiveCfg = Debug|Any CPU
		{C806213B-1527-4457-8995-E093B29C2A88}.Debug|iPhoneSimulator.ActiveCfg = Debug|Any CPU
		{C806213B-1527-4457-8995-E093B29C2A88}.Debug|Mixed Platforms.ActiveCfg = Debug|x86
		{C806213B-1527-4457-8995-E093B29C2A88}.Debug|Mixed Platforms.Build.0 = Debug|x86
		{C806213B-1527-4457-8995-E093B29C2A88}.Debug|Mixed Platforms.Deploy.0 = Debug|x86
		{C806213B-1527-4457-8995-E093B29C2A88}.Debug|x64.ActiveCfg = Debug|Any CPU
		{C806213B-1527-4457-8995-E093B29C2A88}.Debug|x86.ActiveCfg = Debug|x86
		{C806213B-1527-4457-8995-E093B29C2A88}.Debug|x86.Build.0 = Debug|x86
		{C806213B-1527-4457-8995-E093B29C2A88}.Debug|x86.Deploy.0 = Debug|x86
		{C806213B-1527-4457-8995-E093B29C2A88}.Release|Any CPU.ActiveCfg = Release|Any CPU
		{C806213B-1527-4457-8995-E093B29C2A88}.Release|Any CPU.Build.0 = Release|Any CPU
		{C806213B-1527-4457-8995-E093B29C2A88}.Release|Any CPU.Deploy.0 = Release|Any CPU
		{C806213B-1527-4457-8995-E093B29C2A88}.Release|ARM.ActiveCfg = Release|ARM
		{C806213B-1527-4457-8995-E093B29C2A88}.Release|ARM.Build.0 = Release|ARM
		{C806213B-1527-4457-8995-E093B29C2A88}.Release|ARM.Deploy.0 = Release|ARM
		{C806213B-1527-4457-8995-E093B29C2A88}.Release|iPhone.ActiveCfg = Release|Any CPU
		{C806213B-1527-4457-8995-E093B29C2A88}.Release|iPhoneSimulator.ActiveCfg = Release|Any CPU
		{C806213B-1527-4457-8995-E093B29C2A88}.Release|Mixed Platforms.ActiveCfg = Release|x86
		{C806213B-1527-4457-8995-E093B29C2A88}.Release|Mixed Platforms.Build.0 = Release|x86
		{C806213B-1527-4457-8995-E093B29C2A88}.Release|Mixed Platforms.Deploy.0 = Release|x86
		{C806213B-1527-4457-8995-E093B29C2A88}.Release|x64.ActiveCfg = Release|Any CPU
		{C806213B-1527-4457-8995-E093B29C2A88}.Release|x86.ActiveCfg = Release|x86
		{C806213B-1527-4457-8995-E093B29C2A88}.Release|x86.Build.0 = Release|x86
		{C806213B-1527-4457-8995-E093B29C2A88}.Release|x86.Deploy.0 = Release|x86
		{EEEC28F2-EC75-4134-9215-FF064C1E964A}.Ad-Hoc|Any CPU.ActiveCfg = Release|Any CPU
		{EEEC28F2-EC75-4134-9215-FF064C1E964A}.Ad-Hoc|ARM.ActiveCfg = Release|ARM
		{EEEC28F2-EC75-4134-9215-FF064C1E964A}.Ad-Hoc|iPhone.ActiveCfg = Release|Any CPU
		{EEEC28F2-EC75-4134-9215-FF064C1E964A}.Ad-Hoc|iPhoneSimulator.ActiveCfg = Release|Any CPU
		{EEEC28F2-EC75-4134-9215-FF064C1E964A}.Ad-Hoc|Mixed Platforms.ActiveCfg = Release|x86
		{EEEC28F2-EC75-4134-9215-FF064C1E964A}.Ad-Hoc|Mixed Platforms.Build.0 = Release|x86
		{EEEC28F2-EC75-4134-9215-FF064C1E964A}.Ad-Hoc|Mixed Platforms.Deploy.0 = Release|x86
		{EEEC28F2-EC75-4134-9215-FF064C1E964A}.Ad-Hoc|x64.ActiveCfg = Release|x64
		{EEEC28F2-EC75-4134-9215-FF064C1E964A}.Ad-Hoc|x86.ActiveCfg = Release|x86
		{EEEC28F2-EC75-4134-9215-FF064C1E964A}.AppStore|Any CPU.ActiveCfg = Release|Any CPU
		{EEEC28F2-EC75-4134-9215-FF064C1E964A}.AppStore|ARM.ActiveCfg = Release|ARM
		{EEEC28F2-EC75-4134-9215-FF064C1E964A}.AppStore|iPhone.ActiveCfg = Release|Any CPU
		{EEEC28F2-EC75-4134-9215-FF064C1E964A}.AppStore|iPhoneSimulator.ActiveCfg = Release|Any CPU
		{EEEC28F2-EC75-4134-9215-FF064C1E964A}.AppStore|Mixed Platforms.ActiveCfg = Release|x86
		{EEEC28F2-EC75-4134-9215-FF064C1E964A}.AppStore|Mixed Platforms.Build.0 = Release|x86
		{EEEC28F2-EC75-4134-9215-FF064C1E964A}.AppStore|Mixed Platforms.Deploy.0 = Release|x86
		{EEEC28F2-EC75-4134-9215-FF064C1E964A}.AppStore|x64.ActiveCfg = Release|x64
		{EEEC28F2-EC75-4134-9215-FF064C1E964A}.AppStore|x86.ActiveCfg = Release|x86
		{EEEC28F2-EC75-4134-9215-FF064C1E964A}.Debug|Any CPU.ActiveCfg = Debug|Any CPU
		{EEEC28F2-EC75-4134-9215-FF064C1E964A}.Debug|Any CPU.Build.0 = Debug|Any CPU
		{EEEC28F2-EC75-4134-9215-FF064C1E964A}.Debug|Any CPU.Deploy.0 = Debug|Any CPU
		{EEEC28F2-EC75-4134-9215-FF064C1E964A}.Debug|ARM.ActiveCfg = Debug|ARM
		{EEEC28F2-EC75-4134-9215-FF064C1E964A}.Debug|ARM.Build.0 = Debug|ARM
		{EEEC28F2-EC75-4134-9215-FF064C1E964A}.Debug|ARM.Deploy.0 = Debug|ARM
		{EEEC28F2-EC75-4134-9215-FF064C1E964A}.Debug|iPhone.ActiveCfg = Debug|Any CPU
		{EEEC28F2-EC75-4134-9215-FF064C1E964A}.Debug|iPhoneSimulator.ActiveCfg = Debug|Any CPU
		{EEEC28F2-EC75-4134-9215-FF064C1E964A}.Debug|Mixed Platforms.ActiveCfg = Debug|x86
		{EEEC28F2-EC75-4134-9215-FF064C1E964A}.Debug|Mixed Platforms.Build.0 = Debug|x86
		{EEEC28F2-EC75-4134-9215-FF064C1E964A}.Debug|Mixed Platforms.Deploy.0 = Debug|x86
		{EEEC28F2-EC75-4134-9215-FF064C1E964A}.Debug|x64.ActiveCfg = Debug|x64
		{EEEC28F2-EC75-4134-9215-FF064C1E964A}.Debug|x64.Build.0 = Debug|x64
		{EEEC28F2-EC75-4134-9215-FF064C1E964A}.Debug|x64.Deploy.0 = Debug|x64
		{EEEC28F2-EC75-4134-9215-FF064C1E964A}.Debug|x86.ActiveCfg = Debug|x86
		{EEEC28F2-EC75-4134-9215-FF064C1E964A}.Debug|x86.Build.0 = Debug|x86
		{EEEC28F2-EC75-4134-9215-FF064C1E964A}.Debug|x86.Deploy.0 = Debug|x86
		{EEEC28F2-EC75-4134-9215-FF064C1E964A}.Release|Any CPU.ActiveCfg = Release|Any CPU
		{EEEC28F2-EC75-4134-9215-FF064C1E964A}.Release|Any CPU.Build.0 = Release|Any CPU
		{EEEC28F2-EC75-4134-9215-FF064C1E964A}.Release|Any CPU.Deploy.0 = Release|Any CPU
		{EEEC28F2-EC75-4134-9215-FF064C1E964A}.Release|ARM.ActiveCfg = Release|ARM
		{EEEC28F2-EC75-4134-9215-FF064C1E964A}.Release|ARM.Build.0 = Release|ARM
		{EEEC28F2-EC75-4134-9215-FF064C1E964A}.Release|ARM.Deploy.0 = Release|ARM
		{EEEC28F2-EC75-4134-9215-FF064C1E964A}.Release|iPhone.ActiveCfg = Release|Any CPU
		{EEEC28F2-EC75-4134-9215-FF064C1E964A}.Release|iPhoneSimulator.ActiveCfg = Release|Any CPU
		{EEEC28F2-EC75-4134-9215-FF064C1E964A}.Release|Mixed Platforms.ActiveCfg = Release|x86
		{EEEC28F2-EC75-4134-9215-FF064C1E964A}.Release|Mixed Platforms.Build.0 = Release|x86
		{EEEC28F2-EC75-4134-9215-FF064C1E964A}.Release|Mixed Platforms.Deploy.0 = Release|x86
		{EEEC28F2-EC75-4134-9215-FF064C1E964A}.Release|x64.ActiveCfg = Release|x64
		{EEEC28F2-EC75-4134-9215-FF064C1E964A}.Release|x64.Build.0 = Release|x64
		{EEEC28F2-EC75-4134-9215-FF064C1E964A}.Release|x64.Deploy.0 = Release|x64
		{EEEC28F2-EC75-4134-9215-FF064C1E964A}.Release|x86.ActiveCfg = Release|x86
		{EEEC28F2-EC75-4134-9215-FF064C1E964A}.Release|x86.Build.0 = Release|x86
		{EEEC28F2-EC75-4134-9215-FF064C1E964A}.Release|x86.Deploy.0 = Release|x86
		{E05EB945-06ED-4EFD-815D-778CC2BC8B80}.Ad-Hoc|Any CPU.ActiveCfg = Release|Any CPU
		{E05EB945-06ED-4EFD-815D-778CC2BC8B80}.Ad-Hoc|ARM.ActiveCfg = Release|Any CPU
		{E05EB945-06ED-4EFD-815D-778CC2BC8B80}.Ad-Hoc|iPhone.ActiveCfg = Debug|Any CPU
		{E05EB945-06ED-4EFD-815D-778CC2BC8B80}.Ad-Hoc|iPhone.Build.0 = Debug|Any CPU
		{E05EB945-06ED-4EFD-815D-778CC2BC8B80}.Ad-Hoc|iPhoneSimulator.ActiveCfg = Release|Any CPU
		{E05EB945-06ED-4EFD-815D-778CC2BC8B80}.Ad-Hoc|Mixed Platforms.ActiveCfg = Release|Any CPU
		{E05EB945-06ED-4EFD-815D-778CC2BC8B80}.Ad-Hoc|Mixed Platforms.Build.0 = Release|Any CPU
		{E05EB945-06ED-4EFD-815D-778CC2BC8B80}.Ad-Hoc|Mixed Platforms.Deploy.0 = Release|Any CPU
		{E05EB945-06ED-4EFD-815D-778CC2BC8B80}.Ad-Hoc|x64.ActiveCfg = Release|Any CPU
		{E05EB945-06ED-4EFD-815D-778CC2BC8B80}.Ad-Hoc|x86.ActiveCfg = Release|Any CPU
		{E05EB945-06ED-4EFD-815D-778CC2BC8B80}.AppStore|Any CPU.ActiveCfg = Release|Any CPU
		{E05EB945-06ED-4EFD-815D-778CC2BC8B80}.AppStore|ARM.ActiveCfg = Release|Any CPU
		{E05EB945-06ED-4EFD-815D-778CC2BC8B80}.AppStore|iPhone.ActiveCfg = Debug|Any CPU
		{E05EB945-06ED-4EFD-815D-778CC2BC8B80}.AppStore|iPhone.Build.0 = Debug|Any CPU
		{E05EB945-06ED-4EFD-815D-778CC2BC8B80}.AppStore|iPhoneSimulator.ActiveCfg = Release|Any CPU
		{E05EB945-06ED-4EFD-815D-778CC2BC8B80}.AppStore|Mixed Platforms.ActiveCfg = Release|Any CPU
		{E05EB945-06ED-4EFD-815D-778CC2BC8B80}.AppStore|Mixed Platforms.Build.0 = Release|Any CPU
		{E05EB945-06ED-4EFD-815D-778CC2BC8B80}.AppStore|Mixed Platforms.Deploy.0 = Release|Any CPU
		{E05EB945-06ED-4EFD-815D-778CC2BC8B80}.AppStore|x64.ActiveCfg = Release|Any CPU
		{E05EB945-06ED-4EFD-815D-778CC2BC8B80}.AppStore|x86.ActiveCfg = Release|Any CPU
		{E05EB945-06ED-4EFD-815D-778CC2BC8B80}.Debug|Any CPU.ActiveCfg = Debug|Any CPU
		{E05EB945-06ED-4EFD-815D-778CC2BC8B80}.Debug|Any CPU.Build.0 = Debug|Any CPU
		{E05EB945-06ED-4EFD-815D-778CC2BC8B80}.Debug|Any CPU.Deploy.0 = Debug|Any CPU
		{E05EB945-06ED-4EFD-815D-778CC2BC8B80}.Debug|ARM.ActiveCfg = Debug|Any CPU
		{E05EB945-06ED-4EFD-815D-778CC2BC8B80}.Debug|iPhone.ActiveCfg = Debug|Any CPU
		{E05EB945-06ED-4EFD-815D-778CC2BC8B80}.Debug|iPhone.Build.0 = Debug|Any CPU
		{E05EB945-06ED-4EFD-815D-778CC2BC8B80}.Debug|iPhoneSimulator.ActiveCfg = Debug|Any CPU
		{E05EB945-06ED-4EFD-815D-778CC2BC8B80}.Debug|iPhoneSimulator.Build.0 = Debug|Any CPU
		{E05EB945-06ED-4EFD-815D-778CC2BC8B80}.Debug|Mixed Platforms.ActiveCfg = Debug|Any CPU
		{E05EB945-06ED-4EFD-815D-778CC2BC8B80}.Debug|Mixed Platforms.Build.0 = Debug|Any CPU
		{E05EB945-06ED-4EFD-815D-778CC2BC8B80}.Debug|Mixed Platforms.Deploy.0 = Debug|Any CPU
		{E05EB945-06ED-4EFD-815D-778CC2BC8B80}.Debug|x64.ActiveCfg = Debug|Any CPU
		{E05EB945-06ED-4EFD-815D-778CC2BC8B80}.Debug|x86.ActiveCfg = Debug|Any CPU
		{E05EB945-06ED-4EFD-815D-778CC2BC8B80}.Release|Any CPU.ActiveCfg = Release|Any CPU
		{E05EB945-06ED-4EFD-815D-778CC2BC8B80}.Release|Any CPU.Build.0 = Release|Any CPU
		{E05EB945-06ED-4EFD-815D-778CC2BC8B80}.Release|Any CPU.Deploy.0 = Release|Any CPU
		{E05EB945-06ED-4EFD-815D-778CC2BC8B80}.Release|ARM.ActiveCfg = Release|Any CPU
		{E05EB945-06ED-4EFD-815D-778CC2BC8B80}.Release|iPhone.ActiveCfg = Release|Any CPU
		{E05EB945-06ED-4EFD-815D-778CC2BC8B80}.Release|iPhone.Build.0 = Release|Any CPU
		{E05EB945-06ED-4EFD-815D-778CC2BC8B80}.Release|iPhoneSimulator.ActiveCfg = Release|Any CPU
		{E05EB945-06ED-4EFD-815D-778CC2BC8B80}.Release|iPhoneSimulator.Build.0 = Release|Any CPU
		{E05EB945-06ED-4EFD-815D-778CC2BC8B80}.Release|Mixed Platforms.ActiveCfg = Release|Any CPU
		{E05EB945-06ED-4EFD-815D-778CC2BC8B80}.Release|Mixed Platforms.Build.0 = Release|Any CPU
		{E05EB945-06ED-4EFD-815D-778CC2BC8B80}.Release|Mixed Platforms.Deploy.0 = Release|Any CPU
		{E05EB945-06ED-4EFD-815D-778CC2BC8B80}.Release|x64.ActiveCfg = Release|Any CPU
		{E05EB945-06ED-4EFD-815D-778CC2BC8B80}.Release|x86.ActiveCfg = Release|Any CPU
		{A17C1016-CE1B-4387-B5A6-E70D54E7A1B8}.Ad-Hoc|Any CPU.ActiveCfg = Release|Any CPU
		{A17C1016-CE1B-4387-B5A6-E70D54E7A1B8}.Ad-Hoc|ARM.ActiveCfg = Release|Any CPU
		{A17C1016-CE1B-4387-B5A6-E70D54E7A1B8}.Ad-Hoc|iPhone.ActiveCfg = Debug|Any CPU
		{A17C1016-CE1B-4387-B5A6-E70D54E7A1B8}.Ad-Hoc|iPhone.Build.0 = Debug|Any CPU
		{A17C1016-CE1B-4387-B5A6-E70D54E7A1B8}.Ad-Hoc|iPhoneSimulator.ActiveCfg = Release|Any CPU
		{A17C1016-CE1B-4387-B5A6-E70D54E7A1B8}.Ad-Hoc|Mixed Platforms.ActiveCfg = Release|Any CPU
		{A17C1016-CE1B-4387-B5A6-E70D54E7A1B8}.Ad-Hoc|Mixed Platforms.Build.0 = Release|Any CPU
		{A17C1016-CE1B-4387-B5A6-E70D54E7A1B8}.Ad-Hoc|Mixed Platforms.Deploy.0 = Release|Any CPU
		{A17C1016-CE1B-4387-B5A6-E70D54E7A1B8}.Ad-Hoc|x64.ActiveCfg = Release|Any CPU
		{A17C1016-CE1B-4387-B5A6-E70D54E7A1B8}.Ad-Hoc|x86.ActiveCfg = Release|Any CPU
		{A17C1016-CE1B-4387-B5A6-E70D54E7A1B8}.AppStore|Any CPU.ActiveCfg = Release|Any CPU
		{A17C1016-CE1B-4387-B5A6-E70D54E7A1B8}.AppStore|ARM.ActiveCfg = Release|Any CPU
		{A17C1016-CE1B-4387-B5A6-E70D54E7A1B8}.AppStore|iPhone.ActiveCfg = Debug|Any CPU
		{A17C1016-CE1B-4387-B5A6-E70D54E7A1B8}.AppStore|iPhone.Build.0 = Debug|Any CPU
		{A17C1016-CE1B-4387-B5A6-E70D54E7A1B8}.AppStore|iPhoneSimulator.ActiveCfg = Release|Any CPU
		{A17C1016-CE1B-4387-B5A6-E70D54E7A1B8}.AppStore|Mixed Platforms.ActiveCfg = Release|Any CPU
		{A17C1016-CE1B-4387-B5A6-E70D54E7A1B8}.AppStore|Mixed Platforms.Build.0 = Release|Any CPU
		{A17C1016-CE1B-4387-B5A6-E70D54E7A1B8}.AppStore|Mixed Platforms.Deploy.0 = Release|Any CPU
		{A17C1016-CE1B-4387-B5A6-E70D54E7A1B8}.AppStore|x64.ActiveCfg = Release|Any CPU
		{A17C1016-CE1B-4387-B5A6-E70D54E7A1B8}.AppStore|x86.ActiveCfg = Release|Any CPU
		{A17C1016-CE1B-4387-B5A6-E70D54E7A1B8}.Debug|Any CPU.ActiveCfg = Debug|Any CPU
		{A17C1016-CE1B-4387-B5A6-E70D54E7A1B8}.Debug|Any CPU.Build.0 = Debug|Any CPU
		{A17C1016-CE1B-4387-B5A6-E70D54E7A1B8}.Debug|Any CPU.Deploy.0 = Debug|Any CPU
		{A17C1016-CE1B-4387-B5A6-E70D54E7A1B8}.Debug|ARM.ActiveCfg = Debug|Any CPU
		{A17C1016-CE1B-4387-B5A6-E70D54E7A1B8}.Debug|iPhone.ActiveCfg = Debug|Any CPU
		{A17C1016-CE1B-4387-B5A6-E70D54E7A1B8}.Debug|iPhone.Build.0 = Debug|Any CPU
		{A17C1016-CE1B-4387-B5A6-E70D54E7A1B8}.Debug|iPhoneSimulator.ActiveCfg = Debug|Any CPU
		{A17C1016-CE1B-4387-B5A6-E70D54E7A1B8}.Debug|iPhoneSimulator.Build.0 = Debug|Any CPU
		{A17C1016-CE1B-4387-B5A6-E70D54E7A1B8}.Debug|Mixed Platforms.ActiveCfg = Debug|Any CPU
		{A17C1016-CE1B-4387-B5A6-E70D54E7A1B8}.Debug|Mixed Platforms.Build.0 = Debug|Any CPU
		{A17C1016-CE1B-4387-B5A6-E70D54E7A1B8}.Debug|Mixed Platforms.Deploy.0 = Debug|Any CPU
		{A17C1016-CE1B-4387-B5A6-E70D54E7A1B8}.Debug|x64.ActiveCfg = Debug|Any CPU
		{A17C1016-CE1B-4387-B5A6-E70D54E7A1B8}.Debug|x86.ActiveCfg = Debug|Any CPU
		{A17C1016-CE1B-4387-B5A6-E70D54E7A1B8}.Release|Any CPU.ActiveCfg = Release|Any CPU
		{A17C1016-CE1B-4387-B5A6-E70D54E7A1B8}.Release|Any CPU.Build.0 = Release|Any CPU
		{A17C1016-CE1B-4387-B5A6-E70D54E7A1B8}.Release|Any CPU.Deploy.0 = Release|Any CPU
		{A17C1016-CE1B-4387-B5A6-E70D54E7A1B8}.Release|ARM.ActiveCfg = Release|Any CPU
		{A17C1016-CE1B-4387-B5A6-E70D54E7A1B8}.Release|iPhone.ActiveCfg = Release|Any CPU
		{A17C1016-CE1B-4387-B5A6-E70D54E7A1B8}.Release|iPhone.Build.0 = Release|Any CPU
		{A17C1016-CE1B-4387-B5A6-E70D54E7A1B8}.Release|iPhoneSimulator.ActiveCfg = Release|Any CPU
		{A17C1016-CE1B-4387-B5A6-E70D54E7A1B8}.Release|iPhoneSimulator.Build.0 = Release|Any CPU
		{A17C1016-CE1B-4387-B5A6-E70D54E7A1B8}.Release|Mixed Platforms.ActiveCfg = Release|Any CPU
		{A17C1016-CE1B-4387-B5A6-E70D54E7A1B8}.Release|Mixed Platforms.Build.0 = Release|Any CPU
		{A17C1016-CE1B-4387-B5A6-E70D54E7A1B8}.Release|Mixed Platforms.Deploy.0 = Release|Any CPU
		{A17C1016-CE1B-4387-B5A6-E70D54E7A1B8}.Release|x64.ActiveCfg = Release|Any CPU
		{A17C1016-CE1B-4387-B5A6-E70D54E7A1B8}.Release|x86.ActiveCfg = Release|Any CPU
		{DD995A4A-1310-4090-BE99-5C0EE9983212}.Ad-Hoc|Any CPU.ActiveCfg = Ad-Hoc|iPhone
		{DD995A4A-1310-4090-BE99-5C0EE9983212}.Ad-Hoc|ARM.ActiveCfg = Ad-Hoc|iPhone
		{DD995A4A-1310-4090-BE99-5C0EE9983212}.Ad-Hoc|iPhone.ActiveCfg = Ad-Hoc|iPhone
		{DD995A4A-1310-4090-BE99-5C0EE9983212}.Ad-Hoc|iPhone.Build.0 = Ad-Hoc|iPhone
		{DD995A4A-1310-4090-BE99-5C0EE9983212}.Ad-Hoc|iPhoneSimulator.ActiveCfg = Ad-Hoc|iPhone
		{DD995A4A-1310-4090-BE99-5C0EE9983212}.Ad-Hoc|Mixed Platforms.ActiveCfg = Ad-Hoc|iPhoneSimulator
		{DD995A4A-1310-4090-BE99-5C0EE9983212}.Ad-Hoc|Mixed Platforms.Build.0 = Ad-Hoc|iPhoneSimulator
		{DD995A4A-1310-4090-BE99-5C0EE9983212}.Ad-Hoc|x64.ActiveCfg = Ad-Hoc|iPhone
		{DD995A4A-1310-4090-BE99-5C0EE9983212}.Ad-Hoc|x86.ActiveCfg = Ad-Hoc|iPhone
		{DD995A4A-1310-4090-BE99-5C0EE9983212}.AppStore|Any CPU.ActiveCfg = AppStore|iPhone
		{DD995A4A-1310-4090-BE99-5C0EE9983212}.AppStore|ARM.ActiveCfg = AppStore|iPhone
		{DD995A4A-1310-4090-BE99-5C0EE9983212}.AppStore|iPhone.ActiveCfg = AppStore|iPhone
		{DD995A4A-1310-4090-BE99-5C0EE9983212}.AppStore|iPhone.Build.0 = AppStore|iPhone
		{DD995A4A-1310-4090-BE99-5C0EE9983212}.AppStore|iPhoneSimulator.ActiveCfg = AppStore|iPhone
		{DD995A4A-1310-4090-BE99-5C0EE9983212}.AppStore|Mixed Platforms.ActiveCfg = AppStore|iPhoneSimulator
		{DD995A4A-1310-4090-BE99-5C0EE9983212}.AppStore|Mixed Platforms.Build.0 = AppStore|iPhoneSimulator
		{DD995A4A-1310-4090-BE99-5C0EE9983212}.AppStore|x64.ActiveCfg = AppStore|iPhone
		{DD995A4A-1310-4090-BE99-5C0EE9983212}.AppStore|x86.ActiveCfg = AppStore|iPhone
		{DD995A4A-1310-4090-BE99-5C0EE9983212}.Debug|Any CPU.ActiveCfg = Debug|iPhoneSimulator
		{DD995A4A-1310-4090-BE99-5C0EE9983212}.Debug|Any CPU.Build.0 = Debug|iPhoneSimulator
		{DD995A4A-1310-4090-BE99-5C0EE9983212}.Debug|ARM.ActiveCfg = Debug|iPhoneSimulator
		{DD995A4A-1310-4090-BE99-5C0EE9983212}.Debug|ARM.Build.0 = Debug|iPhoneSimulator
		{DD995A4A-1310-4090-BE99-5C0EE9983212}.Debug|iPhone.ActiveCfg = Debug|iPhone
		{DD995A4A-1310-4090-BE99-5C0EE9983212}.Debug|iPhone.Build.0 = Debug|iPhone
		{DD995A4A-1310-4090-BE99-5C0EE9983212}.Debug|iPhoneSimulator.ActiveCfg = Debug|iPhoneSimulator
		{DD995A4A-1310-4090-BE99-5C0EE9983212}.Debug|iPhoneSimulator.Build.0 = Debug|iPhoneSimulator
		{DD995A4A-1310-4090-BE99-5C0EE9983212}.Debug|Mixed Platforms.ActiveCfg = Debug|iPhone
		{DD995A4A-1310-4090-BE99-5C0EE9983212}.Debug|Mixed Platforms.Build.0 = Debug|iPhone
		{DD995A4A-1310-4090-BE99-5C0EE9983212}.Debug|x64.ActiveCfg = Debug|iPhoneSimulator
		{DD995A4A-1310-4090-BE99-5C0EE9983212}.Debug|x64.Build.0 = Debug|iPhoneSimulator
		{DD995A4A-1310-4090-BE99-5C0EE9983212}.Debug|x86.ActiveCfg = Debug|iPhoneSimulator
		{DD995A4A-1310-4090-BE99-5C0EE9983212}.Debug|x86.Build.0 = Debug|iPhoneSimulator
		{DD995A4A-1310-4090-BE99-5C0EE9983212}.Release|Any CPU.ActiveCfg = Release|iPhoneSimulator
		{DD995A4A-1310-4090-BE99-5C0EE9983212}.Release|Any CPU.Build.0 = Release|iPhoneSimulator
		{DD995A4A-1310-4090-BE99-5C0EE9983212}.Release|ARM.ActiveCfg = Release|iPhoneSimulator
		{DD995A4A-1310-4090-BE99-5C0EE9983212}.Release|ARM.Build.0 = Release|iPhoneSimulator
		{DD995A4A-1310-4090-BE99-5C0EE9983212}.Release|iPhone.ActiveCfg = Release|iPhone
		{DD995A4A-1310-4090-BE99-5C0EE9983212}.Release|iPhone.Build.0 = Release|iPhone
		{DD995A4A-1310-4090-BE99-5C0EE9983212}.Release|iPhoneSimulator.ActiveCfg = Release|iPhoneSimulator
		{DD995A4A-1310-4090-BE99-5C0EE9983212}.Release|iPhoneSimulator.Build.0 = Release|iPhoneSimulator
		{DD995A4A-1310-4090-BE99-5C0EE9983212}.Release|Mixed Platforms.ActiveCfg = Release|iPhone
		{DD995A4A-1310-4090-BE99-5C0EE9983212}.Release|Mixed Platforms.Build.0 = Release|iPhone
		{DD995A4A-1310-4090-BE99-5C0EE9983212}.Release|x64.ActiveCfg = Release|iPhoneSimulator
		{DD995A4A-1310-4090-BE99-5C0EE9983212}.Release|x64.Build.0 = Release|iPhoneSimulator
		{DD995A4A-1310-4090-BE99-5C0EE9983212}.Release|x86.ActiveCfg = Release|iPhoneSimulator
		{DD995A4A-1310-4090-BE99-5C0EE9983212}.Release|x86.Build.0 = Release|iPhoneSimulator
		{BCA1DB72-3227-43B4-A7B7-F511896B8C38}.Ad-Hoc|Any CPU.ActiveCfg = Ad-Hoc|iPhone
		{BCA1DB72-3227-43B4-A7B7-F511896B8C38}.Ad-Hoc|ARM.ActiveCfg = Ad-Hoc|iPhone
		{BCA1DB72-3227-43B4-A7B7-F511896B8C38}.Ad-Hoc|iPhone.ActiveCfg = Ad-Hoc|iPhone
		{BCA1DB72-3227-43B4-A7B7-F511896B8C38}.Ad-Hoc|iPhone.Build.0 = Ad-Hoc|iPhone
		{BCA1DB72-3227-43B4-A7B7-F511896B8C38}.Ad-Hoc|iPhoneSimulator.ActiveCfg = Ad-Hoc|iPhoneSimulator
		{BCA1DB72-3227-43B4-A7B7-F511896B8C38}.Ad-Hoc|iPhoneSimulator.Build.0 = Ad-Hoc|iPhoneSimulator
		{BCA1DB72-3227-43B4-A7B7-F511896B8C38}.Ad-Hoc|Mixed Platforms.ActiveCfg = Ad-Hoc|iPhone
		{BCA1DB72-3227-43B4-A7B7-F511896B8C38}.Ad-Hoc|Mixed Platforms.Build.0 = Ad-Hoc|iPhone
		{BCA1DB72-3227-43B4-A7B7-F511896B8C38}.Ad-Hoc|x64.ActiveCfg = Ad-Hoc|iPhone
		{BCA1DB72-3227-43B4-A7B7-F511896B8C38}.Ad-Hoc|x86.ActiveCfg = Ad-Hoc|iPhone
		{BCA1DB72-3227-43B4-A7B7-F511896B8C38}.AppStore|Any CPU.ActiveCfg = AppStore|iPhone
		{BCA1DB72-3227-43B4-A7B7-F511896B8C38}.AppStore|ARM.ActiveCfg = AppStore|iPhone
		{BCA1DB72-3227-43B4-A7B7-F511896B8C38}.AppStore|iPhone.ActiveCfg = AppStore|iPhone
		{BCA1DB72-3227-43B4-A7B7-F511896B8C38}.AppStore|iPhone.Build.0 = AppStore|iPhone
		{BCA1DB72-3227-43B4-A7B7-F511896B8C38}.AppStore|iPhoneSimulator.ActiveCfg = AppStore|iPhoneSimulator
		{BCA1DB72-3227-43B4-A7B7-F511896B8C38}.AppStore|iPhoneSimulator.Build.0 = AppStore|iPhoneSimulator
		{BCA1DB72-3227-43B4-A7B7-F511896B8C38}.AppStore|Mixed Platforms.ActiveCfg = AppStore|iPhone
		{BCA1DB72-3227-43B4-A7B7-F511896B8C38}.AppStore|Mixed Platforms.Build.0 = AppStore|iPhone
		{BCA1DB72-3227-43B4-A7B7-F511896B8C38}.AppStore|x64.ActiveCfg = AppStore|iPhone
		{BCA1DB72-3227-43B4-A7B7-F511896B8C38}.AppStore|x86.ActiveCfg = AppStore|iPhone
		{BCA1DB72-3227-43B4-A7B7-F511896B8C38}.Debug|Any CPU.ActiveCfg = Debug|iPhone
		{BCA1DB72-3227-43B4-A7B7-F511896B8C38}.Debug|ARM.ActiveCfg = Debug|iPhone
		{BCA1DB72-3227-43B4-A7B7-F511896B8C38}.Debug|iPhone.ActiveCfg = Debug|iPhone
		{BCA1DB72-3227-43B4-A7B7-F511896B8C38}.Debug|iPhone.Build.0 = Debug|iPhone
		{BCA1DB72-3227-43B4-A7B7-F511896B8C38}.Debug|iPhoneSimulator.ActiveCfg = Debug|iPhoneSimulator
		{BCA1DB72-3227-43B4-A7B7-F511896B8C38}.Debug|iPhoneSimulator.Build.0 = Debug|iPhoneSimulator
		{BCA1DB72-3227-43B4-A7B7-F511896B8C38}.Debug|Mixed Platforms.ActiveCfg = Debug|iPhone
		{BCA1DB72-3227-43B4-A7B7-F511896B8C38}.Debug|Mixed Platforms.Build.0 = Debug|iPhone
		{BCA1DB72-3227-43B4-A7B7-F511896B8C38}.Debug|x64.ActiveCfg = Debug|iPhone
		{BCA1DB72-3227-43B4-A7B7-F511896B8C38}.Debug|x86.ActiveCfg = Debug|iPhone
		{BCA1DB72-3227-43B4-A7B7-F511896B8C38}.Release|Any CPU.ActiveCfg = Release|iPhone
		{BCA1DB72-3227-43B4-A7B7-F511896B8C38}.Release|ARM.ActiveCfg = Release|iPhone
		{BCA1DB72-3227-43B4-A7B7-F511896B8C38}.Release|iPhone.ActiveCfg = Release|iPhone
		{BCA1DB72-3227-43B4-A7B7-F511896B8C38}.Release|iPhone.Build.0 = Release|iPhone
		{BCA1DB72-3227-43B4-A7B7-F511896B8C38}.Release|iPhoneSimulator.ActiveCfg = Release|iPhoneSimulator
		{BCA1DB72-3227-43B4-A7B7-F511896B8C38}.Release|iPhoneSimulator.Build.0 = Release|iPhoneSimulator
		{BCA1DB72-3227-43B4-A7B7-F511896B8C38}.Release|Mixed Platforms.ActiveCfg = Release|iPhone
		{BCA1DB72-3227-43B4-A7B7-F511896B8C38}.Release|Mixed Platforms.Build.0 = Release|iPhone
		{BCA1DB72-3227-43B4-A7B7-F511896B8C38}.Release|x64.ActiveCfg = Release|iPhone
		{BCA1DB72-3227-43B4-A7B7-F511896B8C38}.Release|x86.ActiveCfg = Release|iPhone
		{FB96D95E-5770-435F-82C8-514DE4C5FE3C}.Ad-Hoc|Any CPU.ActiveCfg = Release|Any CPU
		{FB96D95E-5770-435F-82C8-514DE4C5FE3C}.Ad-Hoc|Any CPU.Build.0 = Release|Any CPU
		{FB96D95E-5770-435F-82C8-514DE4C5FE3C}.Ad-Hoc|ARM.ActiveCfg = Release|Any CPU
		{FB96D95E-5770-435F-82C8-514DE4C5FE3C}.Ad-Hoc|iPhone.ActiveCfg = Release|Any CPU
		{FB96D95E-5770-435F-82C8-514DE4C5FE3C}.Ad-Hoc|iPhoneSimulator.ActiveCfg = Release|Any CPU
		{FB96D95E-5770-435F-82C8-514DE4C5FE3C}.Ad-Hoc|Mixed Platforms.ActiveCfg = Release|Any CPU
		{FB96D95E-5770-435F-82C8-514DE4C5FE3C}.Ad-Hoc|Mixed Platforms.Build.0 = Release|Any CPU
		{FB96D95E-5770-435F-82C8-514DE4C5FE3C}.Ad-Hoc|x64.ActiveCfg = Release|Any CPU
		{FB96D95E-5770-435F-82C8-514DE4C5FE3C}.Ad-Hoc|x86.ActiveCfg = Release|Any CPU
		{FB96D95E-5770-435F-82C8-514DE4C5FE3C}.AppStore|Any CPU.ActiveCfg = Release|Any CPU
		{FB96D95E-5770-435F-82C8-514DE4C5FE3C}.AppStore|Any CPU.Build.0 = Release|Any CPU
		{FB96D95E-5770-435F-82C8-514DE4C5FE3C}.AppStore|ARM.ActiveCfg = Release|Any CPU
		{FB96D95E-5770-435F-82C8-514DE4C5FE3C}.AppStore|iPhone.ActiveCfg = Release|Any CPU
		{FB96D95E-5770-435F-82C8-514DE4C5FE3C}.AppStore|iPhoneSimulator.ActiveCfg = Release|Any CPU
		{FB96D95E-5770-435F-82C8-514DE4C5FE3C}.AppStore|Mixed Platforms.ActiveCfg = Release|Any CPU
		{FB96D95E-5770-435F-82C8-514DE4C5FE3C}.AppStore|Mixed Platforms.Build.0 = Release|Any CPU
		{FB96D95E-5770-435F-82C8-514DE4C5FE3C}.AppStore|x64.ActiveCfg = Release|Any CPU
		{FB96D95E-5770-435F-82C8-514DE4C5FE3C}.AppStore|x86.ActiveCfg = Release|Any CPU
		{FB96D95E-5770-435F-82C8-514DE4C5FE3C}.Debug|Any CPU.ActiveCfg = Debug|Any CPU
		{FB96D95E-5770-435F-82C8-514DE4C5FE3C}.Debug|Any CPU.Build.0 = Debug|Any CPU
		{FB96D95E-5770-435F-82C8-514DE4C5FE3C}.Debug|ARM.ActiveCfg = Debug|Any CPU
		{FB96D95E-5770-435F-82C8-514DE4C5FE3C}.Debug|iPhone.ActiveCfg = Debug|Any CPU
		{FB96D95E-5770-435F-82C8-514DE4C5FE3C}.Debug|iPhoneSimulator.ActiveCfg = Debug|Any CPU
		{FB96D95E-5770-435F-82C8-514DE4C5FE3C}.Debug|Mixed Platforms.ActiveCfg = Debug|Any CPU
		{FB96D95E-5770-435F-82C8-514DE4C5FE3C}.Debug|Mixed Platforms.Build.0 = Debug|Any CPU
		{FB96D95E-5770-435F-82C8-514DE4C5FE3C}.Debug|x64.ActiveCfg = Debug|Any CPU
		{FB96D95E-5770-435F-82C8-514DE4C5FE3C}.Debug|x86.ActiveCfg = Debug|Any CPU
		{FB96D95E-5770-435F-82C8-514DE4C5FE3C}.Release|Any CPU.ActiveCfg = Release|Any CPU
		{FB96D95E-5770-435F-82C8-514DE4C5FE3C}.Release|Any CPU.Build.0 = Release|Any CPU
		{FB96D95E-5770-435F-82C8-514DE4C5FE3C}.Release|ARM.ActiveCfg = Release|Any CPU
		{FB96D95E-5770-435F-82C8-514DE4C5FE3C}.Release|iPhone.ActiveCfg = Release|Any CPU
		{FB96D95E-5770-435F-82C8-514DE4C5FE3C}.Release|iPhoneSimulator.ActiveCfg = Release|Any CPU
		{FB96D95E-5770-435F-82C8-514DE4C5FE3C}.Release|Mixed Platforms.ActiveCfg = Release|Any CPU
		{FB96D95E-5770-435F-82C8-514DE4C5FE3C}.Release|Mixed Platforms.Build.0 = Release|Any CPU
		{FB96D95E-5770-435F-82C8-514DE4C5FE3C}.Release|x64.ActiveCfg = Release|Any CPU
		{FB96D95E-5770-435F-82C8-514DE4C5FE3C}.Release|x86.ActiveCfg = Release|Any CPU
		{9F99CA40-183C-42A9-B8CA-1D12420AA4B3}.Ad-Hoc|Any CPU.ActiveCfg = Release|Any CPU
		{9F99CA40-183C-42A9-B8CA-1D12420AA4B3}.Ad-Hoc|Any CPU.Build.0 = Release|Any CPU
		{9F99CA40-183C-42A9-B8CA-1D12420AA4B3}.Ad-Hoc|ARM.ActiveCfg = Release|ARM
		{9F99CA40-183C-42A9-B8CA-1D12420AA4B3}.Ad-Hoc|ARM.Build.0 = Release|ARM
		{9F99CA40-183C-42A9-B8CA-1D12420AA4B3}.Ad-Hoc|iPhone.ActiveCfg = Release|Any CPU
		{9F99CA40-183C-42A9-B8CA-1D12420AA4B3}.Ad-Hoc|iPhoneSimulator.ActiveCfg = Release|Any CPU
		{9F99CA40-183C-42A9-B8CA-1D12420AA4B3}.Ad-Hoc|Mixed Platforms.ActiveCfg = Release|x86
		{9F99CA40-183C-42A9-B8CA-1D12420AA4B3}.Ad-Hoc|Mixed Platforms.Build.0 = Release|x86
		{9F99CA40-183C-42A9-B8CA-1D12420AA4B3}.Ad-Hoc|x64.ActiveCfg = Release|x64
		{9F99CA40-183C-42A9-B8CA-1D12420AA4B3}.Ad-Hoc|x64.Build.0 = Release|x64
		{9F99CA40-183C-42A9-B8CA-1D12420AA4B3}.Ad-Hoc|x86.ActiveCfg = Release|x86
		{9F99CA40-183C-42A9-B8CA-1D12420AA4B3}.Ad-Hoc|x86.Build.0 = Release|x86
		{9F99CA40-183C-42A9-B8CA-1D12420AA4B3}.AppStore|Any CPU.ActiveCfg = Release|Any CPU
		{9F99CA40-183C-42A9-B8CA-1D12420AA4B3}.AppStore|Any CPU.Build.0 = Release|Any CPU
		{9F99CA40-183C-42A9-B8CA-1D12420AA4B3}.AppStore|ARM.ActiveCfg = Release|ARM
		{9F99CA40-183C-42A9-B8CA-1D12420AA4B3}.AppStore|ARM.Build.0 = Release|ARM
		{9F99CA40-183C-42A9-B8CA-1D12420AA4B3}.AppStore|iPhone.ActiveCfg = Release|Any CPU
		{9F99CA40-183C-42A9-B8CA-1D12420AA4B3}.AppStore|iPhoneSimulator.ActiveCfg = Release|Any CPU
		{9F99CA40-183C-42A9-B8CA-1D12420AA4B3}.AppStore|Mixed Platforms.ActiveCfg = Release|x86
		{9F99CA40-183C-42A9-B8CA-1D12420AA4B3}.AppStore|Mixed Platforms.Build.0 = Release|x86
		{9F99CA40-183C-42A9-B8CA-1D12420AA4B3}.AppStore|x64.ActiveCfg = Release|x64
		{9F99CA40-183C-42A9-B8CA-1D12420AA4B3}.AppStore|x64.Build.0 = Release|x64
		{9F99CA40-183C-42A9-B8CA-1D12420AA4B3}.AppStore|x86.ActiveCfg = Release|x86
		{9F99CA40-183C-42A9-B8CA-1D12420AA4B3}.AppStore|x86.Build.0 = Release|x86
		{9F99CA40-183C-42A9-B8CA-1D12420AA4B3}.Debug|Any CPU.ActiveCfg = Debug|Any CPU
		{9F99CA40-183C-42A9-B8CA-1D12420AA4B3}.Debug|Any CPU.Build.0 = Debug|Any CPU
		{9F99CA40-183C-42A9-B8CA-1D12420AA4B3}.Debug|ARM.ActiveCfg = Debug|ARM
		{9F99CA40-183C-42A9-B8CA-1D12420AA4B3}.Debug|ARM.Build.0 = Debug|ARM
		{9F99CA40-183C-42A9-B8CA-1D12420AA4B3}.Debug|iPhone.ActiveCfg = Debug|Any CPU
		{9F99CA40-183C-42A9-B8CA-1D12420AA4B3}.Debug|iPhoneSimulator.ActiveCfg = Debug|Any CPU
		{9F99CA40-183C-42A9-B8CA-1D12420AA4B3}.Debug|Mixed Platforms.ActiveCfg = Debug|x86
		{9F99CA40-183C-42A9-B8CA-1D12420AA4B3}.Debug|Mixed Platforms.Build.0 = Debug|x86
		{9F99CA40-183C-42A9-B8CA-1D12420AA4B3}.Debug|x64.ActiveCfg = Debug|x64
		{9F99CA40-183C-42A9-B8CA-1D12420AA4B3}.Debug|x64.Build.0 = Debug|x64
		{9F99CA40-183C-42A9-B8CA-1D12420AA4B3}.Debug|x86.ActiveCfg = Debug|x86
		{9F99CA40-183C-42A9-B8CA-1D12420AA4B3}.Debug|x86.Build.0 = Debug|x86
		{9F99CA40-183C-42A9-B8CA-1D12420AA4B3}.Release|Any CPU.ActiveCfg = Release|Any CPU
		{9F99CA40-183C-42A9-B8CA-1D12420AA4B3}.Release|Any CPU.Build.0 = Release|Any CPU
		{9F99CA40-183C-42A9-B8CA-1D12420AA4B3}.Release|ARM.ActiveCfg = Release|ARM
		{9F99CA40-183C-42A9-B8CA-1D12420AA4B3}.Release|ARM.Build.0 = Release|ARM
		{9F99CA40-183C-42A9-B8CA-1D12420AA4B3}.Release|iPhone.ActiveCfg = Release|Any CPU
		{9F99CA40-183C-42A9-B8CA-1D12420AA4B3}.Release|iPhoneSimulator.ActiveCfg = Release|Any CPU
		{9F99CA40-183C-42A9-B8CA-1D12420AA4B3}.Release|Mixed Platforms.ActiveCfg = Release|x86
		{9F99CA40-183C-42A9-B8CA-1D12420AA4B3}.Release|Mixed Platforms.Build.0 = Release|x86
		{9F99CA40-183C-42A9-B8CA-1D12420AA4B3}.Release|x64.ActiveCfg = Release|x64
		{9F99CA40-183C-42A9-B8CA-1D12420AA4B3}.Release|x64.Build.0 = Release|x64
		{9F99CA40-183C-42A9-B8CA-1D12420AA4B3}.Release|x86.ActiveCfg = Release|x86
		{9F99CA40-183C-42A9-B8CA-1D12420AA4B3}.Release|x86.Build.0 = Release|x86
		{4ABEBE4F-FA21-4A4F-BF41-CDE1DE342A7B}.Ad-Hoc|Any CPU.ActiveCfg = Release|Any CPU
		{4ABEBE4F-FA21-4A4F-BF41-CDE1DE342A7B}.Ad-Hoc|ARM.ActiveCfg = Release|Any CPU
		{4ABEBE4F-FA21-4A4F-BF41-CDE1DE342A7B}.Ad-Hoc|iPhone.ActiveCfg = Debug|Any CPU
		{4ABEBE4F-FA21-4A4F-BF41-CDE1DE342A7B}.Ad-Hoc|iPhone.Build.0 = Debug|Any CPU
		{4ABEBE4F-FA21-4A4F-BF41-CDE1DE342A7B}.Ad-Hoc|iPhoneSimulator.ActiveCfg = Release|Any CPU
		{4ABEBE4F-FA21-4A4F-BF41-CDE1DE342A7B}.Ad-Hoc|Mixed Platforms.ActiveCfg = Release|Any CPU
		{4ABEBE4F-FA21-4A4F-BF41-CDE1DE342A7B}.Ad-Hoc|Mixed Platforms.Build.0 = Release|Any CPU
		{4ABEBE4F-FA21-4A4F-BF41-CDE1DE342A7B}.Ad-Hoc|x64.ActiveCfg = Release|Any CPU
		{4ABEBE4F-FA21-4A4F-BF41-CDE1DE342A7B}.Ad-Hoc|x86.ActiveCfg = Release|Any CPU
		{4ABEBE4F-FA21-4A4F-BF41-CDE1DE342A7B}.AppStore|Any CPU.ActiveCfg = Release|Any CPU
		{4ABEBE4F-FA21-4A4F-BF41-CDE1DE342A7B}.AppStore|ARM.ActiveCfg = Release|Any CPU
		{4ABEBE4F-FA21-4A4F-BF41-CDE1DE342A7B}.AppStore|iPhone.ActiveCfg = Debug|Any CPU
		{4ABEBE4F-FA21-4A4F-BF41-CDE1DE342A7B}.AppStore|iPhone.Build.0 = Debug|Any CPU
		{4ABEBE4F-FA21-4A4F-BF41-CDE1DE342A7B}.AppStore|iPhoneSimulator.ActiveCfg = Release|Any CPU
		{4ABEBE4F-FA21-4A4F-BF41-CDE1DE342A7B}.AppStore|Mixed Platforms.ActiveCfg = Release|Any CPU
		{4ABEBE4F-FA21-4A4F-BF41-CDE1DE342A7B}.AppStore|Mixed Platforms.Build.0 = Release|Any CPU
		{4ABEBE4F-FA21-4A4F-BF41-CDE1DE342A7B}.AppStore|x64.ActiveCfg = Release|Any CPU
		{4ABEBE4F-FA21-4A4F-BF41-CDE1DE342A7B}.AppStore|x86.ActiveCfg = Release|Any CPU
		{4ABEBE4F-FA21-4A4F-BF41-CDE1DE342A7B}.Debug|Any CPU.ActiveCfg = Debug|Any CPU
		{4ABEBE4F-FA21-4A4F-BF41-CDE1DE342A7B}.Debug|Any CPU.Build.0 = Debug|Any CPU
		{4ABEBE4F-FA21-4A4F-BF41-CDE1DE342A7B}.Debug|ARM.ActiveCfg = Debug|Any CPU
		{4ABEBE4F-FA21-4A4F-BF41-CDE1DE342A7B}.Debug|iPhone.ActiveCfg = Debug|Any CPU
		{4ABEBE4F-FA21-4A4F-BF41-CDE1DE342A7B}.Debug|iPhone.Build.0 = Debug|Any CPU
		{4ABEBE4F-FA21-4A4F-BF41-CDE1DE342A7B}.Debug|iPhoneSimulator.ActiveCfg = Debug|Any CPU
		{4ABEBE4F-FA21-4A4F-BF41-CDE1DE342A7B}.Debug|iPhoneSimulator.Build.0 = Debug|Any CPU
		{4ABEBE4F-FA21-4A4F-BF41-CDE1DE342A7B}.Debug|Mixed Platforms.ActiveCfg = Debug|Any CPU
		{4ABEBE4F-FA21-4A4F-BF41-CDE1DE342A7B}.Debug|Mixed Platforms.Build.0 = Debug|Any CPU
		{4ABEBE4F-FA21-4A4F-BF41-CDE1DE342A7B}.Debug|x64.ActiveCfg = Debug|Any CPU
		{4ABEBE4F-FA21-4A4F-BF41-CDE1DE342A7B}.Debug|x86.ActiveCfg = Debug|Any CPU
		{4ABEBE4F-FA21-4A4F-BF41-CDE1DE342A7B}.Release|Any CPU.ActiveCfg = Release|Any CPU
		{4ABEBE4F-FA21-4A4F-BF41-CDE1DE342A7B}.Release|Any CPU.Build.0 = Release|Any CPU
		{4ABEBE4F-FA21-4A4F-BF41-CDE1DE342A7B}.Release|ARM.ActiveCfg = Release|Any CPU
		{4ABEBE4F-FA21-4A4F-BF41-CDE1DE342A7B}.Release|iPhone.ActiveCfg = Release|Any CPU
		{4ABEBE4F-FA21-4A4F-BF41-CDE1DE342A7B}.Release|iPhone.Build.0 = Release|Any CPU
		{4ABEBE4F-FA21-4A4F-BF41-CDE1DE342A7B}.Release|iPhoneSimulator.ActiveCfg = Release|Any CPU
		{4ABEBE4F-FA21-4A4F-BF41-CDE1DE342A7B}.Release|iPhoneSimulator.Build.0 = Release|Any CPU
		{4ABEBE4F-FA21-4A4F-BF41-CDE1DE342A7B}.Release|Mixed Platforms.ActiveCfg = Release|Any CPU
		{4ABEBE4F-FA21-4A4F-BF41-CDE1DE342A7B}.Release|Mixed Platforms.Build.0 = Release|Any CPU
		{4ABEBE4F-FA21-4A4F-BF41-CDE1DE342A7B}.Release|x64.ActiveCfg = Release|Any CPU
		{4ABEBE4F-FA21-4A4F-BF41-CDE1DE342A7B}.Release|x86.ActiveCfg = Release|Any CPU
		{267FE534-2D9A-4ABA-8A69-BD25BF629145}.Ad-Hoc|Any CPU.ActiveCfg = Release|Any CPU
		{267FE534-2D9A-4ABA-8A69-BD25BF629145}.Ad-Hoc|ARM.ActiveCfg = Release|Any CPU
		{267FE534-2D9A-4ABA-8A69-BD25BF629145}.Ad-Hoc|iPhone.ActiveCfg = Debug|Any CPU
		{267FE534-2D9A-4ABA-8A69-BD25BF629145}.Ad-Hoc|iPhone.Build.0 = Debug|Any CPU
		{267FE534-2D9A-4ABA-8A69-BD25BF629145}.Ad-Hoc|iPhoneSimulator.ActiveCfg = Release|Any CPU
		{267FE534-2D9A-4ABA-8A69-BD25BF629145}.Ad-Hoc|Mixed Platforms.ActiveCfg = Release|Any CPU
		{267FE534-2D9A-4ABA-8A69-BD25BF629145}.Ad-Hoc|Mixed Platforms.Build.0 = Release|Any CPU
		{267FE534-2D9A-4ABA-8A69-BD25BF629145}.Ad-Hoc|x64.ActiveCfg = Release|Any CPU
		{267FE534-2D9A-4ABA-8A69-BD25BF629145}.Ad-Hoc|x86.ActiveCfg = Release|Any CPU
		{267FE534-2D9A-4ABA-8A69-BD25BF629145}.AppStore|Any CPU.ActiveCfg = Release|Any CPU
		{267FE534-2D9A-4ABA-8A69-BD25BF629145}.AppStore|ARM.ActiveCfg = Release|Any CPU
		{267FE534-2D9A-4ABA-8A69-BD25BF629145}.AppStore|iPhone.ActiveCfg = Debug|Any CPU
		{267FE534-2D9A-4ABA-8A69-BD25BF629145}.AppStore|iPhone.Build.0 = Debug|Any CPU
		{267FE534-2D9A-4ABA-8A69-BD25BF629145}.AppStore|iPhoneSimulator.ActiveCfg = Release|Any CPU
		{267FE534-2D9A-4ABA-8A69-BD25BF629145}.AppStore|Mixed Platforms.ActiveCfg = Release|Any CPU
		{267FE534-2D9A-4ABA-8A69-BD25BF629145}.AppStore|Mixed Platforms.Build.0 = Release|Any CPU
		{267FE534-2D9A-4ABA-8A69-BD25BF629145}.AppStore|x64.ActiveCfg = Release|Any CPU
		{267FE534-2D9A-4ABA-8A69-BD25BF629145}.AppStore|x86.ActiveCfg = Release|Any CPU
		{267FE534-2D9A-4ABA-8A69-BD25BF629145}.Debug|Any CPU.ActiveCfg = Debug|Any CPU
		{267FE534-2D9A-4ABA-8A69-BD25BF629145}.Debug|Any CPU.Build.0 = Debug|Any CPU
		{267FE534-2D9A-4ABA-8A69-BD25BF629145}.Debug|ARM.ActiveCfg = Debug|Any CPU
		{267FE534-2D9A-4ABA-8A69-BD25BF629145}.Debug|iPhone.ActiveCfg = Debug|Any CPU
		{267FE534-2D9A-4ABA-8A69-BD25BF629145}.Debug|iPhone.Build.0 = Debug|Any CPU
		{267FE534-2D9A-4ABA-8A69-BD25BF629145}.Debug|iPhoneSimulator.ActiveCfg = Debug|Any CPU
		{267FE534-2D9A-4ABA-8A69-BD25BF629145}.Debug|iPhoneSimulator.Build.0 = Debug|Any CPU
		{267FE534-2D9A-4ABA-8A69-BD25BF629145}.Debug|Mixed Platforms.ActiveCfg = Debug|Any CPU
		{267FE534-2D9A-4ABA-8A69-BD25BF629145}.Debug|Mixed Platforms.Build.0 = Debug|Any CPU
		{267FE534-2D9A-4ABA-8A69-BD25BF629145}.Debug|x64.ActiveCfg = Debug|Any CPU
		{267FE534-2D9A-4ABA-8A69-BD25BF629145}.Debug|x86.ActiveCfg = Debug|Any CPU
		{267FE534-2D9A-4ABA-8A69-BD25BF629145}.Release|Any CPU.ActiveCfg = Release|Any CPU
		{267FE534-2D9A-4ABA-8A69-BD25BF629145}.Release|Any CPU.Build.0 = Release|Any CPU
		{267FE534-2D9A-4ABA-8A69-BD25BF629145}.Release|ARM.ActiveCfg = Release|Any CPU
		{267FE534-2D9A-4ABA-8A69-BD25BF629145}.Release|iPhone.ActiveCfg = Release|Any CPU
		{267FE534-2D9A-4ABA-8A69-BD25BF629145}.Release|iPhone.Build.0 = Release|Any CPU
		{267FE534-2D9A-4ABA-8A69-BD25BF629145}.Release|iPhoneSimulator.ActiveCfg = Release|Any CPU
		{267FE534-2D9A-4ABA-8A69-BD25BF629145}.Release|iPhoneSimulator.Build.0 = Release|Any CPU
		{267FE534-2D9A-4ABA-8A69-BD25BF629145}.Release|Mixed Platforms.ActiveCfg = Release|Any CPU
		{267FE534-2D9A-4ABA-8A69-BD25BF629145}.Release|Mixed Platforms.Build.0 = Release|Any CPU
		{267FE534-2D9A-4ABA-8A69-BD25BF629145}.Release|x64.ActiveCfg = Release|Any CPU
		{267FE534-2D9A-4ABA-8A69-BD25BF629145}.Release|x86.ActiveCfg = Release|Any CPU
		{C4480A20-C692-4078-A55F-036B3F283504}.Ad-Hoc|Any CPU.ActiveCfg = Release|Any CPU
		{C4480A20-C692-4078-A55F-036B3F283504}.Ad-Hoc|Any CPU.Build.0 = Release|Any CPU
		{C4480A20-C692-4078-A55F-036B3F283504}.Ad-Hoc|ARM.ActiveCfg = Release|Any CPU
		{C4480A20-C692-4078-A55F-036B3F283504}.Ad-Hoc|iPhone.ActiveCfg = Release|Any CPU
		{C4480A20-C692-4078-A55F-036B3F283504}.Ad-Hoc|iPhoneSimulator.ActiveCfg = Release|Any CPU
		{C4480A20-C692-4078-A55F-036B3F283504}.Ad-Hoc|Mixed Platforms.ActiveCfg = Release|Any CPU
		{C4480A20-C692-4078-A55F-036B3F283504}.Ad-Hoc|Mixed Platforms.Build.0 = Release|Any CPU
		{C4480A20-C692-4078-A55F-036B3F283504}.Ad-Hoc|x64.ActiveCfg = Release|Any CPU
		{C4480A20-C692-4078-A55F-036B3F283504}.Ad-Hoc|x86.ActiveCfg = Release|Any CPU
		{C4480A20-C692-4078-A55F-036B3F283504}.AppStore|Any CPU.ActiveCfg = Release|Any CPU
		{C4480A20-C692-4078-A55F-036B3F283504}.AppStore|Any CPU.Build.0 = Release|Any CPU
		{C4480A20-C692-4078-A55F-036B3F283504}.AppStore|ARM.ActiveCfg = Release|Any CPU
		{C4480A20-C692-4078-A55F-036B3F283504}.AppStore|iPhone.ActiveCfg = Release|Any CPU
		{C4480A20-C692-4078-A55F-036B3F283504}.AppStore|iPhoneSimulator.ActiveCfg = Release|Any CPU
		{C4480A20-C692-4078-A55F-036B3F283504}.AppStore|Mixed Platforms.ActiveCfg = Release|Any CPU
		{C4480A20-C692-4078-A55F-036B3F283504}.AppStore|Mixed Platforms.Build.0 = Release|Any CPU
		{C4480A20-C692-4078-A55F-036B3F283504}.AppStore|x64.ActiveCfg = Release|Any CPU
		{C4480A20-C692-4078-A55F-036B3F283504}.AppStore|x86.ActiveCfg = Release|Any CPU
		{C4480A20-C692-4078-A55F-036B3F283504}.Debug|Any CPU.ActiveCfg = Debug|Any CPU
		{C4480A20-C692-4078-A55F-036B3F283504}.Debug|Any CPU.Build.0 = Debug|Any CPU
		{C4480A20-C692-4078-A55F-036B3F283504}.Debug|ARM.ActiveCfg = Debug|Any CPU
		{C4480A20-C692-4078-A55F-036B3F283504}.Debug|iPhone.ActiveCfg = Debug|Any CPU
		{C4480A20-C692-4078-A55F-036B3F283504}.Debug|iPhoneSimulator.ActiveCfg = Debug|Any CPU
		{C4480A20-C692-4078-A55F-036B3F283504}.Debug|Mixed Platforms.ActiveCfg = Debug|Any CPU
		{C4480A20-C692-4078-A55F-036B3F283504}.Debug|Mixed Platforms.Build.0 = Debug|Any CPU
		{C4480A20-C692-4078-A55F-036B3F283504}.Debug|x64.ActiveCfg = Debug|Any CPU
		{C4480A20-C692-4078-A55F-036B3F283504}.Debug|x86.ActiveCfg = Debug|Any CPU
		{C4480A20-C692-4078-A55F-036B3F283504}.Release|Any CPU.ActiveCfg = Release|Any CPU
		{C4480A20-C692-4078-A55F-036B3F283504}.Release|Any CPU.Build.0 = Release|Any CPU
		{C4480A20-C692-4078-A55F-036B3F283504}.Release|ARM.ActiveCfg = Release|Any CPU
		{C4480A20-C692-4078-A55F-036B3F283504}.Release|iPhone.ActiveCfg = Release|Any CPU
		{C4480A20-C692-4078-A55F-036B3F283504}.Release|iPhoneSimulator.ActiveCfg = Release|Any CPU
		{C4480A20-C692-4078-A55F-036B3F283504}.Release|Mixed Platforms.ActiveCfg = Release|Any CPU
		{C4480A20-C692-4078-A55F-036B3F283504}.Release|Mixed Platforms.Build.0 = Release|Any CPU
		{C4480A20-C692-4078-A55F-036B3F283504}.Release|x64.ActiveCfg = Release|Any CPU
		{C4480A20-C692-4078-A55F-036B3F283504}.Release|x86.ActiveCfg = Release|Any CPU
		{ADEE8855-21D1-46F8-8DCC-61EA57303082}.Ad-Hoc|Any CPU.ActiveCfg = Release|Any CPU
		{ADEE8855-21D1-46F8-8DCC-61EA57303082}.Ad-Hoc|Any CPU.Build.0 = Release|Any CPU
		{ADEE8855-21D1-46F8-8DCC-61EA57303082}.Ad-Hoc|ARM.ActiveCfg = Release|ARM
		{ADEE8855-21D1-46F8-8DCC-61EA57303082}.Ad-Hoc|ARM.Build.0 = Release|ARM
		{ADEE8855-21D1-46F8-8DCC-61EA57303082}.Ad-Hoc|iPhone.ActiveCfg = Release|Any CPU
		{ADEE8855-21D1-46F8-8DCC-61EA57303082}.Ad-Hoc|iPhoneSimulator.ActiveCfg = Release|Any CPU
		{ADEE8855-21D1-46F8-8DCC-61EA57303082}.Ad-Hoc|Mixed Platforms.ActiveCfg = Release|x86
		{ADEE8855-21D1-46F8-8DCC-61EA57303082}.Ad-Hoc|Mixed Platforms.Build.0 = Release|x86
		{ADEE8855-21D1-46F8-8DCC-61EA57303082}.Ad-Hoc|x64.ActiveCfg = Release|Any CPU
		{ADEE8855-21D1-46F8-8DCC-61EA57303082}.Ad-Hoc|x86.ActiveCfg = Release|x86
		{ADEE8855-21D1-46F8-8DCC-61EA57303082}.Ad-Hoc|x86.Build.0 = Release|x86
		{ADEE8855-21D1-46F8-8DCC-61EA57303082}.AppStore|Any CPU.ActiveCfg = Release|Any CPU
		{ADEE8855-21D1-46F8-8DCC-61EA57303082}.AppStore|Any CPU.Build.0 = Release|Any CPU
		{ADEE8855-21D1-46F8-8DCC-61EA57303082}.AppStore|ARM.ActiveCfg = Release|ARM
		{ADEE8855-21D1-46F8-8DCC-61EA57303082}.AppStore|ARM.Build.0 = Release|ARM
		{ADEE8855-21D1-46F8-8DCC-61EA57303082}.AppStore|iPhone.ActiveCfg = Release|Any CPU
		{ADEE8855-21D1-46F8-8DCC-61EA57303082}.AppStore|iPhoneSimulator.ActiveCfg = Release|Any CPU
		{ADEE8855-21D1-46F8-8DCC-61EA57303082}.AppStore|Mixed Platforms.ActiveCfg = Release|x86
		{ADEE8855-21D1-46F8-8DCC-61EA57303082}.AppStore|Mixed Platforms.Build.0 = Release|x86
		{ADEE8855-21D1-46F8-8DCC-61EA57303082}.AppStore|x64.ActiveCfg = Release|Any CPU
		{ADEE8855-21D1-46F8-8DCC-61EA57303082}.AppStore|x86.ActiveCfg = Release|x86
		{ADEE8855-21D1-46F8-8DCC-61EA57303082}.AppStore|x86.Build.0 = Release|x86
		{ADEE8855-21D1-46F8-8DCC-61EA57303082}.Debug|Any CPU.ActiveCfg = Debug|Any CPU
		{ADEE8855-21D1-46F8-8DCC-61EA57303082}.Debug|Any CPU.Build.0 = Debug|Any CPU
		{ADEE8855-21D1-46F8-8DCC-61EA57303082}.Debug|ARM.ActiveCfg = Debug|ARM
		{ADEE8855-21D1-46F8-8DCC-61EA57303082}.Debug|ARM.Build.0 = Debug|ARM
		{ADEE8855-21D1-46F8-8DCC-61EA57303082}.Debug|iPhone.ActiveCfg = Debug|Any CPU
		{ADEE8855-21D1-46F8-8DCC-61EA57303082}.Debug|iPhoneSimulator.ActiveCfg = Debug|Any CPU
		{ADEE8855-21D1-46F8-8DCC-61EA57303082}.Debug|Mixed Platforms.ActiveCfg = Debug|x86
		{ADEE8855-21D1-46F8-8DCC-61EA57303082}.Debug|Mixed Platforms.Build.0 = Debug|x86
		{ADEE8855-21D1-46F8-8DCC-61EA57303082}.Debug|x64.ActiveCfg = Debug|Any CPU
		{ADEE8855-21D1-46F8-8DCC-61EA57303082}.Debug|x86.ActiveCfg = Debug|x86
		{ADEE8855-21D1-46F8-8DCC-61EA57303082}.Debug|x86.Build.0 = Debug|x86
		{ADEE8855-21D1-46F8-8DCC-61EA57303082}.Release|Any CPU.ActiveCfg = Release|Any CPU
		{ADEE8855-21D1-46F8-8DCC-61EA57303082}.Release|Any CPU.Build.0 = Release|Any CPU
		{ADEE8855-21D1-46F8-8DCC-61EA57303082}.Release|ARM.ActiveCfg = Release|ARM
		{ADEE8855-21D1-46F8-8DCC-61EA57303082}.Release|ARM.Build.0 = Release|ARM
		{ADEE8855-21D1-46F8-8DCC-61EA57303082}.Release|iPhone.ActiveCfg = Release|Any CPU
		{ADEE8855-21D1-46F8-8DCC-61EA57303082}.Release|iPhoneSimulator.ActiveCfg = Release|Any CPU
		{ADEE8855-21D1-46F8-8DCC-61EA57303082}.Release|Mixed Platforms.ActiveCfg = Release|x86
		{ADEE8855-21D1-46F8-8DCC-61EA57303082}.Release|Mixed Platforms.Build.0 = Release|x86
		{ADEE8855-21D1-46F8-8DCC-61EA57303082}.Release|x64.ActiveCfg = Release|Any CPU
		{ADEE8855-21D1-46F8-8DCC-61EA57303082}.Release|x86.ActiveCfg = Release|x86
		{ADEE8855-21D1-46F8-8DCC-61EA57303082}.Release|x86.Build.0 = Release|x86
	EndGlobalSection
	GlobalSection(SolutionProperties) = preSolution
		HideSolutionNode = FALSE
	EndGlobalSection
	GlobalSection(NestedProjects) = preSolution
		{10BEFBF2-47E2-4545-B63F-83B88B6A00BE} = {3FD8FC85-CB0B-471B-B065-F86E59B823BD}
		{C806213B-1527-4457-8995-E093B29C2A88} = {3FD8FC85-CB0B-471B-B065-F86E59B823BD}
		{EEEC28F2-EC75-4134-9215-FF064C1E964A} = {3FD8FC85-CB0B-471B-B065-F86E59B823BD}
		{E05EB945-06ED-4EFD-815D-778CC2BC8B80} = {3FD8FC85-CB0B-471B-B065-F86E59B823BD}
		{A17C1016-CE1B-4387-B5A6-E70D54E7A1B8} = {3FD8FC85-CB0B-471B-B065-F86E59B823BD}
		{DD995A4A-1310-4090-BE99-5C0EE9983212} = {3FD8FC85-CB0B-471B-B065-F86E59B823BD}
		{BCA1DB72-3227-43B4-A7B7-F511896B8C38} = {3FD8FC85-CB0B-471B-B065-F86E59B823BD}
		{FB96D95E-5770-435F-82C8-514DE4C5FE3C} = {3FD8FC85-CB0B-471B-B065-F86E59B823BD}
	EndGlobalSection
	GlobalSection(MonoDevelopProperties) = preSolution
		StartupItem = Sample\MupApps.ControlsNavigation.Sample.IPad\MupApps.ControlsNavigation.Sample.IPad.csproj
	EndGlobalSection
EndGlobal
