
Microsoft Visual Studio Solution File, Format Version 12.00
# Visual Studio 2013
VisualStudioVersion = 12.0.21005.1
MinimumVisualStudioVersion = 10.0.40219.1
Project("{FAE04EC0-301F-11D3-BF4B-00C04F79EFBC}") = "MupApps.MvvmCross.Plugins.TabletNavigation", "MupApps.MvvmCross.Plugins.TabletNavigation\MupApps.MvvmCross.Plugins.TabletNavigation.csproj", "{8EC1274E-99E6-4175-A113-8083CE23391C}"
EndProject
Project("{2150E333-8FDC-42A3-9474-1A3956D46DE8}") = "Sample", "Sample", "{3FD8FC85-CB0B-471B-B065-F86E59B823BD}"
EndProject
Project("{FAE04EC0-301F-11D3-BF4B-00C04F79EFBC}") = "MupApps.MvvmCross.Plugins.TabletNavigation.WindowsStore", "MupApps.MvvmCross.Plugins.TabletNavigation.WindowsStore\MupApps.MvvmCross.Plugins.TabletNavigation.WindowsStore.csproj", "{9F99CA40-183C-42A9-B8CA-1D12420AA4B3}"
EndProject
Project("{FAE04EC0-301F-11D3-BF4B-00C04F79EFBC}") = "MupApps.TabletNavigation.Sample.Core", "Sample\MupApps.TabletNavigation.Sample.Core\MupApps.TabletNavigation.Sample.Core.csproj", "{10BEFBF2-47E2-4545-B63F-83B88B6A00BE}"
EndProject
Project("{FAE04EC0-301F-11D3-BF4B-00C04F79EFBC}") = "MupApps.TabletNavigation.Sample.WindowsPhone", "Sample\MupApps.TabletNavigation.Sample.WindowsPhone\MupApps.TabletNavigation.Sample.WindowsPhone.csproj", "{C806213B-1527-4457-8995-E093B29C2A88}"
EndProject
Project("{FAE04EC0-301F-11D3-BF4B-00C04F79EFBC}") = "MupApps.TabletNavigation.Sample.WindowsStore", "Sample\MupApps.TabletNavigation.Sample.WindowsStore\MupApps.TabletNavigation.Sample.WindowsStore.csproj", "{EEEC28F2-EC75-4134-9215-FF064C1E964A}"
EndProject
Project("{2150E333-8FDC-42A3-9474-1A3956D46DE8}") = "Readme", "Readme", "{D1EF869D-8526-48C0-B54E-9173D32032F5}"
	ProjectSection(SolutionItems) = preProject
		..\LICENSE = ..\LICENSE
		..\README.md = ..\README.md
	EndProjectSection
EndProject
Project("{2150E333-8FDC-42A3-9474-1A3956D46DE8}") = ".nuget", ".nuget", "{92FD7127-CAB2-40B1-83BF-48E1EFAA4CAE}"
	ProjectSection(SolutionItems) = preProject
		.nuget\NuGet.Config = .nuget\NuGet.Config
		.nuget\NuGet.exe = .nuget\NuGet.exe
		.nuget\NuGet.targets = .nuget\NuGet.targets
	EndProjectSection
EndProject
Global
	GlobalSection(SolutionConfigurationPlatforms) = preSolution
		Debug|Any CPU = Debug|Any CPU
		Debug|ARM = Debug|ARM
		Debug|x64 = Debug|x64
		Debug|x86 = Debug|x86
		Release|Any CPU = Release|Any CPU
		Release|ARM = Release|ARM
		Release|x64 = Release|x64
		Release|x86 = Release|x86
	EndGlobalSection
	GlobalSection(ProjectConfigurationPlatforms) = postSolution
		{8EC1274E-99E6-4175-A113-8083CE23391C}.Debug|Any CPU.ActiveCfg = Debug|Any CPU
		{8EC1274E-99E6-4175-A113-8083CE23391C}.Debug|Any CPU.Build.0 = Debug|Any CPU
		{8EC1274E-99E6-4175-A113-8083CE23391C}.Debug|ARM.ActiveCfg = Debug|Any CPU
		{8EC1274E-99E6-4175-A113-8083CE23391C}.Debug|x64.ActiveCfg = Debug|Any CPU
		{8EC1274E-99E6-4175-A113-8083CE23391C}.Debug|x86.ActiveCfg = Debug|Any CPU
		{8EC1274E-99E6-4175-A113-8083CE23391C}.Release|Any CPU.ActiveCfg = Release|Any CPU
		{8EC1274E-99E6-4175-A113-8083CE23391C}.Release|Any CPU.Build.0 = Release|Any CPU
		{8EC1274E-99E6-4175-A113-8083CE23391C}.Release|ARM.ActiveCfg = Release|Any CPU
		{8EC1274E-99E6-4175-A113-8083CE23391C}.Release|x64.ActiveCfg = Release|Any CPU
		{8EC1274E-99E6-4175-A113-8083CE23391C}.Release|x86.ActiveCfg = Release|Any CPU
		{9F99CA40-183C-42A9-B8CA-1D12420AA4B3}.Debug|Any CPU.ActiveCfg = Debug|Any CPU
		{9F99CA40-183C-42A9-B8CA-1D12420AA4B3}.Debug|Any CPU.Build.0 = Debug|Any CPU
		{9F99CA40-183C-42A9-B8CA-1D12420AA4B3}.Debug|ARM.ActiveCfg = Debug|ARM
		{9F99CA40-183C-42A9-B8CA-1D12420AA4B3}.Debug|ARM.Build.0 = Debug|ARM
		{9F99CA40-183C-42A9-B8CA-1D12420AA4B3}.Debug|x64.ActiveCfg = Debug|x64
		{9F99CA40-183C-42A9-B8CA-1D12420AA4B3}.Debug|x64.Build.0 = Debug|x64
		{9F99CA40-183C-42A9-B8CA-1D12420AA4B3}.Debug|x86.ActiveCfg = Debug|x86
		{9F99CA40-183C-42A9-B8CA-1D12420AA4B3}.Debug|x86.Build.0 = Debug|x86
		{9F99CA40-183C-42A9-B8CA-1D12420AA4B3}.Release|Any CPU.ActiveCfg = Release|Any CPU
		{9F99CA40-183C-42A9-B8CA-1D12420AA4B3}.Release|Any CPU.Build.0 = Release|Any CPU
		{9F99CA40-183C-42A9-B8CA-1D12420AA4B3}.Release|ARM.ActiveCfg = Release|ARM
		{9F99CA40-183C-42A9-B8CA-1D12420AA4B3}.Release|ARM.Build.0 = Release|ARM
		{9F99CA40-183C-42A9-B8CA-1D12420AA4B3}.Release|x64.ActiveCfg = Release|x64
		{9F99CA40-183C-42A9-B8CA-1D12420AA4B3}.Release|x64.Build.0 = Release|x64
		{9F99CA40-183C-42A9-B8CA-1D12420AA4B3}.Release|x86.ActiveCfg = Release|x86
		{9F99CA40-183C-42A9-B8CA-1D12420AA4B3}.Release|x86.Build.0 = Release|x86
		{10BEFBF2-47E2-4545-B63F-83B88B6A00BE}.Debug|Any CPU.ActiveCfg = Debug|Any CPU
		{10BEFBF2-47E2-4545-B63F-83B88B6A00BE}.Debug|Any CPU.Build.0 = Debug|Any CPU
		{10BEFBF2-47E2-4545-B63F-83B88B6A00BE}.Debug|ARM.ActiveCfg = Debug|Any CPU
		{10BEFBF2-47E2-4545-B63F-83B88B6A00BE}.Debug|x64.ActiveCfg = Debug|Any CPU
		{10BEFBF2-47E2-4545-B63F-83B88B6A00BE}.Debug|x86.ActiveCfg = Debug|Any CPU
		{10BEFBF2-47E2-4545-B63F-83B88B6A00BE}.Release|Any CPU.ActiveCfg = Release|Any CPU
		{10BEFBF2-47E2-4545-B63F-83B88B6A00BE}.Release|Any CPU.Build.0 = Release|Any CPU
		{10BEFBF2-47E2-4545-B63F-83B88B6A00BE}.Release|ARM.ActiveCfg = Release|Any CPU
		{10BEFBF2-47E2-4545-B63F-83B88B6A00BE}.Release|x64.ActiveCfg = Release|Any CPU
		{10BEFBF2-47E2-4545-B63F-83B88B6A00BE}.Release|x86.ActiveCfg = Release|Any CPU
		{C806213B-1527-4457-8995-E093B29C2A88}.Debug|Any CPU.ActiveCfg = Debug|Any CPU
		{C806213B-1527-4457-8995-E093B29C2A88}.Debug|Any CPU.Build.0 = Debug|Any CPU
		{C806213B-1527-4457-8995-E093B29C2A88}.Debug|Any CPU.Deploy.0 = Debug|Any CPU
		{C806213B-1527-4457-8995-E093B29C2A88}.Debug|ARM.ActiveCfg = Debug|ARM
		{C806213B-1527-4457-8995-E093B29C2A88}.Debug|ARM.Build.0 = Debug|ARM
		{C806213B-1527-4457-8995-E093B29C2A88}.Debug|ARM.Deploy.0 = Debug|ARM
		{C806213B-1527-4457-8995-E093B29C2A88}.Debug|x64.ActiveCfg = Debug|Any CPU
		{C806213B-1527-4457-8995-E093B29C2A88}.Debug|x86.ActiveCfg = Debug|x86
		{C806213B-1527-4457-8995-E093B29C2A88}.Debug|x86.Build.0 = Debug|x86
		{C806213B-1527-4457-8995-E093B29C2A88}.Debug|x86.Deploy.0 = Debug|x86
		{C806213B-1527-4457-8995-E093B29C2A88}.Release|Any CPU.ActiveCfg = Release|Any CPU
		{C806213B-1527-4457-8995-E093B29C2A88}.Release|Any CPU.Build.0 = Release|Any CPU
		{C806213B-1527-4457-8995-E093B29C2A88}.Release|Any CPU.Deploy.0 = Release|Any CPU
		{C806213B-1527-4457-8995-E093B29C2A88}.Release|ARM.ActiveCfg = Release|ARM
		{C806213B-1527-4457-8995-E093B29C2A88}.Release|ARM.Build.0 = Release|ARM
		{C806213B-1527-4457-8995-E093B29C2A88}.Release|ARM.Deploy.0 = Release|ARM
		{C806213B-1527-4457-8995-E093B29C2A88}.Release|x64.ActiveCfg = Release|Any CPU
		{C806213B-1527-4457-8995-E093B29C2A88}.Release|x86.ActiveCfg = Release|x86
		{C806213B-1527-4457-8995-E093B29C2A88}.Release|x86.Build.0 = Release|x86
		{C806213B-1527-4457-8995-E093B29C2A88}.Release|x86.Deploy.0 = Release|x86
		{EEEC28F2-EC75-4134-9215-FF064C1E964A}.Debug|Any CPU.ActiveCfg = Debug|Any CPU
		{EEEC28F2-EC75-4134-9215-FF064C1E964A}.Debug|Any CPU.Build.0 = Debug|Any CPU
		{EEEC28F2-EC75-4134-9215-FF064C1E964A}.Debug|Any CPU.Deploy.0 = Debug|Any CPU
		{EEEC28F2-EC75-4134-9215-FF064C1E964A}.Debug|ARM.ActiveCfg = Debug|ARM
		{EEEC28F2-EC75-4134-9215-FF064C1E964A}.Debug|ARM.Build.0 = Debug|ARM
		{EEEC28F2-EC75-4134-9215-FF064C1E964A}.Debug|ARM.Deploy.0 = Debug|ARM
		{EEEC28F2-EC75-4134-9215-FF064C1E964A}.Debug|x64.ActiveCfg = Debug|x64
		{EEEC28F2-EC75-4134-9215-FF064C1E964A}.Debug|x64.Build.0 = Debug|x64
		{EEEC28F2-EC75-4134-9215-FF064C1E964A}.Debug|x64.Deploy.0 = Debug|x64
		{EEEC28F2-EC75-4134-9215-FF064C1E964A}.Debug|x86.ActiveCfg = Debug|x86
		{EEEC28F2-EC75-4134-9215-FF064C1E964A}.Debug|x86.Build.0 = Debug|x86
		{EEEC28F2-EC75-4134-9215-FF064C1E964A}.Debug|x86.Deploy.0 = Debug|x86
		{EEEC28F2-EC75-4134-9215-FF064C1E964A}.Release|Any CPU.ActiveCfg = Release|Any CPU
		{EEEC28F2-EC75-4134-9215-FF064C1E964A}.Release|Any CPU.Build.0 = Release|Any CPU
		{EEEC28F2-EC75-4134-9215-FF064C1E964A}.Release|Any CPU.Deploy.0 = Release|Any CPU
		{EEEC28F2-EC75-4134-9215-FF064C1E964A}.Release|ARM.ActiveCfg = Release|ARM
		{EEEC28F2-EC75-4134-9215-FF064C1E964A}.Release|ARM.Build.0 = Release|ARM
		{EEEC28F2-EC75-4134-9215-FF064C1E964A}.Release|ARM.Deploy.0 = Release|ARM
		{EEEC28F2-EC75-4134-9215-FF064C1E964A}.Release|x64.ActiveCfg = Release|x64
		{EEEC28F2-EC75-4134-9215-FF064C1E964A}.Release|x64.Build.0 = Release|x64
		{EEEC28F2-EC75-4134-9215-FF064C1E964A}.Release|x64.Deploy.0 = Release|x64
		{EEEC28F2-EC75-4134-9215-FF064C1E964A}.Release|x86.ActiveCfg = Release|x86
		{EEEC28F2-EC75-4134-9215-FF064C1E964A}.Release|x86.Build.0 = Release|x86
		{EEEC28F2-EC75-4134-9215-FF064C1E964A}.Release|x86.Deploy.0 = Release|x86
	EndGlobalSection
	GlobalSection(SolutionProperties) = preSolution
		HideSolutionNode = FALSE
	EndGlobalSection
	GlobalSection(NestedProjects) = preSolution
		{10BEFBF2-47E2-4545-B63F-83B88B6A00BE} = {3FD8FC85-CB0B-471B-B065-F86E59B823BD}
		{C806213B-1527-4457-8995-E093B29C2A88} = {3FD8FC85-CB0B-471B-B065-F86E59B823BD}
		{EEEC28F2-EC75-4134-9215-FF064C1E964A} = {3FD8FC85-CB0B-471B-B065-F86E59B823BD}
	EndGlobalSection
EndGlobal
